// !$*UTF8*$!
{
	archiveVersion = 1;
	classes = {
	};
	objectVersion = 46;
	objects = {

/* Begin PBXBuildFile section */
		CF2C22D11AF5B40A00D28EAB /* main.m in Sources */ = {isa = PBXBuildFile; fileRef = CF2C22D01AF5B40A00D28EAB /* main.m */; };
		CF2C22D41AF5B40A00D28EAB /* AppDelegate.m in Sources */ = {isa = PBXBuildFile; fileRef = CF2C22D31AF5B40A00D28EAB /* AppDelegate.m */; };
		CF2C22D71AF5B40A00D28EAB /* ViewController.m in Sources */ = {isa = PBXBuildFile; fileRef = CF2C22D61AF5B40A00D28EAB /* ViewController.m */; };
		CF2C22DA1AF5B40A00D28EAB /* Main.storyboard in Resources */ = {isa = PBXBuildFile; fileRef = CF2C22D81AF5B40A00D28EAB /* Main.storyboard */; };
		CF2C22DC1AF5B40A00D28EAB /* Images.xcassets in Resources */ = {isa = PBXBuildFile; fileRef = CF2C22DB1AF5B40A00D28EAB /* Images.xcassets */; };
		CF2C22DF1AF5B40A00D28EAB /* LaunchScreen.xib in Resources */ = {isa = PBXBuildFile; fileRef = CF2C22DD1AF5B40A00D28EAB /* LaunchScreen.xib */; };
		CF2C22EB1AF5B40A00D28EAB /* MilestonsTests.m in Sources */ = {isa = PBXBuildFile; fileRef = CF2C22EA1AF5B40A00D28EAB /* MilestonsTests.m */; };
/* End PBXBuildFile section */

/* Begin PBXContainerItemProxy section */
		CF2C22E51AF5B40A00D28EAB /* PBXContainerItemProxy */ = {
			isa = PBXContainerItemProxy;
			containerPortal = CF2C22C31AF5B40A00D28EAB /* Project object */;
			proxyType = 1;
			remoteGlobalIDString = CF2C22CA1AF5B40A00D28EAB;
			remoteInfo = Milestons;
		};
/* End PBXContainerItemProxy section */

/* Begin PBXFileReference section */
		CF2C22CB1AF5B40A00D28EAB /* Milestons.app */ = {isa = PBXFileReference; explicitFileType = wrapper.application; includeInIndex = 0; path = Milestons.app; sourceTree = BUILT_PRODUCTS_DIR; };
		CF2C22CF1AF5B40A00D28EAB /* Info.plist */ = {isa = PBXFileReference; lastKnownFileType = text.plist.xml; path = Info.plist; sourceTree = "<group>"; };
		CF2C22D01AF5B40A00D28EAB /* main.m */ = {isa = PBXFileReference; lastKnownFileType = sourcecode.c.objc; path = main.m; sourceTree = "<group>"; };
		CF2C22D21AF5B40A00D28EAB /* AppDelegate.h */ = {isa = PBXFileReference; lastKnownFileType = sourcecode.c.h; path = AppDelegate.h; sourceTree = "<group>"; };
		CF2C22D31AF5B40A00D28EAB /* AppDelegate.m */ = {isa = PBXFileReference; lastKnownFileType = sourcecode.c.objc; path = AppDelegate.m; sourceTree = "<group>"; };
		CF2C22D51AF5B40A00D28EAB /* ViewController.h */ = {isa = PBXFileReference; lastKnownFileType = sourcecode.c.h; path = ViewController.h; sourceTree = "<group>"; };
		CF2C22D61AF5B40A00D28EAB /* ViewController.m */ = {isa = PBXFileReference; lastKnownFileType = sourcecode.c.objc; path = ViewController.m; sourceTree = "<group>"; };
		CF2C22D91AF5B40A00D28EAB /* Base */ = {isa = PBXFileReference; lastKnownFileType = file.storyboard; name = Base; path = Base.lproj/Main.storyboard; sourceTree = "<group>"; };
		CF2C22DB1AF5B40A00D28EAB /* Images.xcassets */ = {isa = PBXFileReference; lastKnownFileType = folder.assetcatalog; path = Images.xcassets; sourceTree = "<group>"; };
		CF2C22DE1AF5B40A00D28EAB /* Base */ = {isa = PBXFileReference; lastKnownFileType = file.xib; name = Base; path = Base.lproj/LaunchScreen.xib; sourceTree = "<group>"; };
		CF2C22E41AF5B40A00D28EAB /* MilestonsTests.xctest */ = {isa = PBXFileReference; explicitFileType = wrapper.cfbundle; includeInIndex = 0; path = MilestonsTests.xctest; sourceTree = BUILT_PRODUCTS_DIR; };
		CF2C22E91AF5B40A00D28EAB /* Info.plist */ = {isa = PBXFileReference; lastKnownFileType = text.plist.xml; path = Info.plist; sourceTree = "<group>"; };
		CF2C22EA1AF5B40A00D28EAB /* MilestonsTests.m */ = {isa = PBXFileReference; lastKnownFileType = sourcecode.c.objc; path = MilestonsTests.m; sourceTree = "<group>"; };
/* End PBXFileReference section */

/* Begin PBXFrameworksBuildPhase section */
		CF2C22C81AF5B40A00D28EAB /* Frameworks */ = {
			isa = PBXFrameworksBuildPhase;
			buildActionMask = 2147483647;
			files = (
			);
			runOnlyForDeploymentPostprocessing = 0;
		};
		CF2C22E11AF5B40A00D28EAB /* Frameworks */ = {
			isa = PBXFrameworksBuildPhase;
			buildActionMask = 2147483647;
			files = (
			);
			runOnlyForDeploymentPostprocessing = 0;
		};
/* End PBXFrameworksBuildPhase section */

/* Begin PBXGroup section */
		CF2C22C21AF5B40A00D28EAB = {
			isa = PBXGroup;
			children = (
				CF2C22CD1AF5B40A00D28EAB /* Milestons */,
				CF2C22E71AF5B40A00D28EAB /* MilestonsTests */,
				CF2C22CC1AF5B40A00D28EAB /* Products */,
			);
			sourceTree = "<group>";
		};
		CF2C22CC1AF5B40A00D28EAB /* Products */ = {
			isa = PBXGroup;
			children = (
				CF2C22CB1AF5B40A00D28EAB /* Milestons.app */,
				CF2C22E41AF5B40A00D28EAB /* MilestonsTests.xctest */,
			);
			name = Products;
			sourceTree = "<group>";
		};
		CF2C22CD1AF5B40A00D28EAB /* Milestons */ = {
			isa = PBXGroup;
			children = (
				CF2C22D21AF5B40A00D28EAB /* AppDelegate.h */,
				CF2C22D31AF5B40A00D28EAB /* AppDelegate.m */,
				CF2C22D51AF5B40A00D28EAB /* ViewController.h */,
				CF2C22D61AF5B40A00D28EAB /* ViewController.m */,
				CF2C22D81AF5B40A00D28EAB /* Main.storyboard */,
				CF2C22DB1AF5B40A00D28EAB /* Images.xcassets */,
				CF2C22DD1AF5B40A00D28EAB /* LaunchScreen.xib */,
				CF2C22CE1AF5B40A00D28EAB /* Supporting Files */,
			);
			path = Milestons;
			sourceTree = "<group>";
		};
		CF2C22CE1AF5B40A00D28EAB /* Supporting Files */ = {
			isa = PBXGroup;
			children = (
				CF2C22CF1AF5B40A00D28EAB /* Info.plist */,
				CF2C22D01AF5B40A00D28EAB /* main.m */,
			);
			name = "Supporting Files";
			sourceTree = "<group>";
		};
		CF2C22E71AF5B40A00D28EAB /* MilestonsTests */ = {
			isa = PBXGroup;
			children = (
				CF2C22EA1AF5B40A00D28EAB /* MilestonsTests.m */,
				CF2C22E81AF5B40A00D28EAB /* Supporting Files */,
			);
			path = MilestonsTests;
			sourceTree = "<group>";
		};
		CF2C22E81AF5B40A00D28EAB /* Supporting Files */ = {
			isa = PBXGroup;
			children = (
				CF2C22E91AF5B40A00D28EAB /* Info.plist */,
			);
			name = "Supporting Files";
			sourceTree = "<group>";
		};
/* End PBXGroup section */

/* Begin PBXNativeTarget section */
		CF2C22CA1AF5B40A00D28EAB /* Milestons */ = {
			isa = PBXNativeTarget;
			buildConfigurationList = CF2C22EE1AF5B40A00D28EAB /* Build configuration list for PBXNativeTarget "Milestons" */;
			buildPhases = (
				CF2C22C71AF5B40A00D28EAB /* Sources */,
				CF2C22C81AF5B40A00D28EAB /* Frameworks */,
				CF2C22C91AF5B40A00D28EAB /* Resources */,
			);
			buildRules = (
			);
			dependencies = (
			);
			name = Milestons;
			productName = Milestons;
			productReference = CF2C22CB1AF5B40A00D28EAB /* Milestons.app */;
			productType = "com.apple.product-type.application";
		};
		CF2C22E31AF5B40A00D28EAB /* MilestonsTests */ = {
			isa = PBXNativeTarget;
			buildConfigurationList = CF2C22F11AF5B40A00D28EAB /* Build configuration list for PBXNativeTarget "MilestonsTests" */;
			buildPhases = (
				CF2C22E01AF5B40A00D28EAB /* Sources */,
				CF2C22E11AF5B40A00D28EAB /* Frameworks */,
				CF2C22E21AF5B40A00D28EAB /* Resources */,
			);
			buildRules = (
			);
			dependencies = (
				CF2C22E61AF5B40A00D28EAB /* PBXTargetDependency */,
			);
			name = MilestonsTests;
			productName = MilestonsTests;
			productReference = CF2C22E41AF5B40A00D28EAB /* MilestonsTests.xctest */;
			productType = "com.apple.product-type.bundle.unit-test";
		};
/* End PBXNativeTarget section */

/* Begin PBXProject section */
		CF2C22C31AF5B40A00D28EAB /* Project object */ = {
			isa = PBXProject;
			attributes = {
				LastUpgradeCheck = 0630;
				ORGANIZATIONNAME = Dalton;
				TargetAttributes = {
					CF2C22CA1AF5B40A00D28EAB = {
						CreatedOnToolsVersion = 6.3;
					};
					CF2C22E31AF5B40A00D28EAB = {
						CreatedOnToolsVersion = 6.3;
						TestTargetID = CF2C22CA1AF5B40A00D28EAB;
					};
				};
			};
			buildConfigurationList = CF2C22C61AF5B40A00D28EAB /* Build configuration list for PBXProject "Milestons" */;
			compatibilityVersion = "Xcode 3.2";
			developmentRegion = English;
			hasScannedForEncodings = 0;
			knownRegions = (
				en,
				Base,
			);
			mainGroup = CF2C22C21AF5B40A00D28EAB;
			productRefGroup = CF2C22CC1AF5B40A00D28EAB /* Products */;
			projectDirPath = "";
			projectRoot = "";
			targets = (
				CF2C22CA1AF5B40A00D28EAB /* Milestons */,
				CF2C22E31AF5B40A00D28EAB /* MilestonsTests */,
			);
		};
/* End PBXProject section */

/* Begin PBXResourcesBuildPhase section */
		CF2C22C91AF5B40A00D28EAB /* Resources */ = {
			isa = PBXResourcesBuildPhase;
			buildActionMask = 2147483647;
			files = (
				CF2C22DA1AF5B40A00D28EAB /* Main.storyboard in Resources */,
				CF2C22DF1AF5B40A00D28EAB /* LaunchScreen.xib in Resources */,
				CF2C22DC1AF5B40A00D28EAB /* Images.xcassets in Resources */,
			);
			runOnlyForDeploymentPostprocessing = 0;
		};
		CF2C22E21AF5B40A00D28EAB /* Resources */ = {
			isa = PBXResourcesBuildPhase;
			buildActionMask = 2147483647;
			files = (
			);
			runOnlyForDeploymentPostprocessing = 0;
		};
/* End PBXResourcesBuildPhase section */

/* Begin PBXSourcesBuildPhase section */
		CF2C22C71AF5B40A00D28EAB /* Sources */ = {
			isa = PBXSourcesBuildPhase;
			buildActionMask = 2147483647;
			files = (
				CF2C22D71AF5B40A00D28EAB /* ViewController.m in Sources */,
				CF2C22D41AF5B40A00D28EAB /* AppDelegate.m in Sources */,
				CF2C22D11AF5B40A00D28EAB /* main.m in Sources */,
			);
			runOnlyForDeploymentPostprocessing = 0;
		};
		CF2C22E01AF5B40A00D28EAB /* Sources */ = {
			isa = PBXSourcesBuildPhase;
			buildActionMask = 2147483647;
			files = (
				CF2C22EB1AF5B40A00D28EAB /* MilestonsTests.m in Sources */,
			);
			runOnlyForDeploymentPostprocessing = 0;
		};
/* End PBXSourcesBuildPhase section */

/* Begin PBXTargetDependency section */
		CF2C22E61AF5B40A00D28EAB /* PBXTargetDependency */ = {
			isa = PBXTargetDependency;
			target = CF2C22CA1AF5B40A00D28EAB /* Milestons */;
			targetProxy = CF2C22E51AF5B40A00D28EAB /* PBXContainerItemProxy */;
		};
/* End PBXTargetDependency section */

/* Begin PBXVariantGroup section */
		CF2C22D81AF5B40A00D28EAB /* Main.storyboard */ = {
			isa = PBXVariantGroup;
			children = (
				CF2C22D91AF5B40A00D28EAB /* Base */,
			);
			name = Main.storyboard;
			sourceTree = "<group>";
		};
		CF2C22DD1AF5B40A00D28EAB /* LaunchScreen.xib */ = {
			isa = PBXVariantGroup;
			children = (
				CF2C22DE1AF5B40A00D28EAB /* Base */,
			);
			name = LaunchScreen.xib;
			sourceTree = "<group>";
		};
/* End PBXVariantGroup section */

/* Begin XCBuildConfiguration section */
		CF2C22EC1AF5B40A00D28EAB /* Debug */ = {
			isa = XCBuildConfiguration;
			buildSettings = {
				ALWAYS_SEARCH_USER_PATHS = NO;
				CLANG_CXX_LANGUAGE_STANDARD = "gnu++0x";
				CLANG_CXX_LIBRARY = "libc++";
				CLANG_ENABLE_MODULES = YES;
				CLANG_ENABLE_OBJC_ARC = YES;
				CLANG_WARN_BOOL_CONVERSION = YES;
				CLANG_WARN_CONSTANT_CONVERSION = YES;
				CLANG_WARN_DIRECT_OBJC_ISA_USAGE = YES_ERROR;
				CLANG_WARN_EMPTY_BODY = YES;
				CLANG_WARN_ENUM_CONVERSION = YES;
				CLANG_WARN_INT_CONVERSION = YES;
				CLANG_WARN_OBJC_ROOT_CLASS = YES_ERROR;
				CLANG_WARN_UNREACHABLE_CODE = YES;
				CLANG_WARN__DUPLICATE_METHOD_MATCH = YES;
				"CODE_SIGN_IDENTITY[sdk=iphoneos*]" = "iPhone Developer";
				COPY_PHASE_STRIP = NO;
				DEBUG_INFORMATION_FORMAT = "dwarf-with-dsym";
				ENABLE_STRICT_OBJC_MSGSEND = YES;
				GCC_C_LANGUAGE_STANDARD = gnu99;
				GCC_DYNAMIC_NO_PIC = NO;
				GCC_NO_COMMON_BLOCKS = YES;
				GCC_OPTIMIZATION_LEVEL = 0;
				GCC_PREPROCESSOR_DEFINITIONS = (
					"DEBUG=1",
					"$(inherited)",
				);
				GCC_SYMBOLS_PRIVATE_EXTERN = NO;
				GCC_WARN_64_TO_32_BIT_CONVERSION = YES;
				GCC_WARN_ABOUT_RETURN_TYPE = YES_ERROR;
				GCC_WARN_UNDECLARED_SELECTOR = YES;
				GCC_WARN_UNINITIALIZED_AUTOS = YES_AGGRESSIVE;
				GCC_WARN_UNUSED_FUNCTION = YES;
				GCC_WARN_UNUSED_VARIABLE = YES;
				IPHONEOS_DEPLOYMENT_TARGET = 8.3;
				MTL_ENABLE_DEBUG_INFO = YES;
				ONLY_ACTIVE_ARCH = YES;
				SDKROOT = iphoneos;
			};
			name = Debug;
		};
		CF2C22ED1AF5B40A00D28EAB /* Release */ = {
			isa = XCBuildConfiguration;
			buildSettings = {
				ALWAYS_SEARCH_USER_PATHS = NO;
				CLANG_CXX_LANGUAGE_STANDARD = "gnu++0x";
				CLANG_CXX_LIBRARY = "libc++";
				CLANG_ENABLE_MODULES = YES;
				CLANG_ENABLE_OBJC_ARC = YES;
				CLANG_WARN_BOOL_CONVERSION = YES;
				CLANG_WARN_CONSTANT_CONVERSION = YES;
				CLANG_WARN_DIRECT_OBJC_ISA_USAGE = YES_ERROR;
				CLANG_WARN_EMPTY_BODY = YES;
				CLANG_WARN_ENUM_CONVERSION = YES;
				CLANG_WARN_INT_CONVERSION = YES;
				CLANG_WARN_OBJC_ROOT_CLASS = YES_ERROR;
				CLANG_WARN_UNREACHABLE_CODE = YES;
				CLANG_WARN__DUPLICATE_METHOD_MATCH = YES;
				"CODE_SIGN_IDENTITY[sdk=iphoneos*]" = "iPhone Developer";
				COPY_PHASE_STRIP = NO;
				DEBUG_INFORMATION_FORMAT = "dwarf-with-dsym";
				ENABLE_NS_ASSERTIONS = NO;
				ENABLE_STRICT_OBJC_MSGSEND = YES;
				GCC_C_LANGUAGE_STANDARD = gnu99;
				GCC_NO_COMMON_BLOCKS = YES;
				GCC_WARN_64_TO_32_BIT_CONVERSION = YES;
				GCC_WARN_ABOUT_RETURN_TYPE = YES_ERROR;
				GCC_WARN_UNDECLARED_SELECTOR = YES;
				GCC_WARN_UNINITIALIZED_AUTOS = YES_AGGRESSIVE;
				GCC_WARN_UNUSED_FUNCTION = YES;
				GCC_WARN_UNUSED_VARIABLE = YES;
				IPHONEOS_DEPLOYMENT_TARGET = 8.3;
				MTL_ENABLE_DEBUG_INFO = NO;
				SDKROOT = iphoneos;
				VALIDATE_PRODUCT = YES;
			};
			name = Release;
		};
		CF2C22EF1AF5B40A00D28EAB /* Debug */ = {
			isa = XCBuildConfiguration;
			buildSettings = {
				ASSETCATALOG_COMPILER_APPICON_NAME = AppIcon;
				INFOPLIST_FILE = Milestons/Info.plist;
				LD_RUNPATH_SEARCH_PATHS = "$(inherited) @executable_path/Frameworks";
				PRODUCT_NAME = "$(TARGET_NAME)";
			};
			name = Debug;
		};
		CF2C22F01AF5B40A00D28EAB /* Release */ = {
			isa = XCBuildConfiguration;
			buildSettings = {
				ASSETCATALOG_COMPILER_APPICON_NAME = AppIcon;
				INFOPLIST_FILE = Milestons/Info.plist;
				LD_RUNPATH_SEARCH_PATHS = "$(inherited) @executable_path/Frameworks";
				PRODUCT_NAME = "$(TARGET_NAME)";
			};
			name = Release;
		};
		CF2C22F21AF5B40A00D28EAB /* Debug */ = {
			isa = XCBuildConfiguration;
			buildSettings = {
				BUNDLE_LOADER = "$(TEST_HOST)";
				FRAMEWORK_SEARCH_PATHS = (
					"$(SDKROOT)/Developer/Library/Frameworks",
					"$(inherited)",
				);
				GCC_PREPROCESSOR_DEFINITIONS = (
					"DEBUG=1",
					"$(inherited)",
				);
				INFOPLIST_FILE = MilestonsTests/Info.plist;
				LD_RUNPATH_SEARCH_PATHS = "$(inherited) @executable_path/Frameworks @loader_path/Frameworks";
				PRODUCT_NAME = "$(TARGET_NAME)";
				TEST_HOST = "$(BUILT_PRODUCTS_DIR)/Milestons.app/Milestons";
			};
			name = Debug;
		};
		CF2C22F31AF5B40A00D28EAB /* Release */ = {
			isa = XCBuildConfiguration;
			buildSettings = {
				BUNDLE_LOADER = "$(TEST_HOST)";
				FRAMEWORK_SEARCH_PATHS = (
					"$(SDKROOT)/Developer/Library/Frameworks",
					"$(inherited)",
				);
				INFOPLIST_FILE = MilestonsTests/Info.plist;
				LD_RUNPATH_SEARCH_PATHS = "$(inherited) @executable_path/Frameworks @loader_path/Frameworks";
				PRODUCT_NAME = "$(TARGET_NAME)";
				TEST_HOST = "$(BUILT_PRODUCTS_DIR)/Milestons.app/Milestons";
			};
			name = Release;
		};
/* End XCBuildConfiguration section */

/* Begin XCConfigurationList section */
		CF2C22C61AF5B40A00D28EAB /* Build configuration list for PBXProject "Milestons" */ = {
			isa = XCConfigurationList;
			buildConfigurations = (
				CF2C22EC1AF5B40A00D28EAB /* Debug */,
				CF2C22ED1AF5B40A00D28EAB /* Release */,
			);
			defaultConfigurationIsVisible = 0;
			defaultConfigurationName = Release;
		};
		CF2C22EE1AF5B40A00D28EAB /* Build configuration list for PBXNativeTarget "Milestons" */ = {
			isa = XCConfigurationList;
			buildConfigurations = (
				CF2C22EF1AF5B40A00D28EAB /* Debug */,
				CF2C22F01AF5B40A00D28EAB /* Release */,
			);
			defaultConfigurationIsVisible = 0;
		};
		CF2C22F11AF5B40A00D28EAB /* Build configuration list for PBXNativeTarget "MilestonsTests" */ = {
			isa = XCConfigurationList;
			buildConfigurations = (
				CF2C22F21AF5B40A00D28EAB /* Debug */,
				CF2C22F31AF5B40A00D28EAB /* Release */,
			);
			defaultConfigurationIsVisible = 0;
		};
/* End XCConfigurationList section */
	};
	rootObject = CF2C22C31AF5B40A00D28EAB /* Project object */;
}
