// !$*UTF8*$!
{
	archiveVersion = 1;
	classes = {
	};
	objectVersion = 46;
	objects = {

/* Begin PBXBuildFile section */
		CF2C22D11AF5B40A00D28EAB /* main.m in Sources */ = {isa = PBXBuildFile; fileRef = CF2C22D01AF5B40A00D28EAB /* main.m */; };
		CF2C22D41AF5B40A00D28EAB /* AppDelegate.m in Sources */ = {isa = PBXBuildFile; fileRef = CF2C22D31AF5B40A00D28EAB /* AppDelegate.m */; };
		CF2C22D71AF5B40A00D28EAB /* ViewController.m in Sources */ = {isa = PBXBuildFile; fileRef = CF2C22D61AF5B40A00D28EAB /* ViewController.m */; };
		CF2C22DC1AF5B40A00D28EAB /* Images.xcassets in Resources */ = {isa = PBXBuildFile; fileRef = CF2C22DB1AF5B40A00D28EAB /* Images.xcassets */; };
		CF2C22DF1AF5B40A00D28EAB /* LaunchScreen.xib in Resources */ = {isa = PBXBuildFile; fileRef = CF2C22DD1AF5B40A00D28EAB /* LaunchScreen.xib */; };
		CF2C22EB1AF5B40A00D28EAB /* MilestonsTests.m in Sources */ = {isa = PBXBuildFile; fileRef = CF2C22EA1AF5B40A00D28EAB /* MilestonsTests.m */; };
		CF2C22F61AF5B45900D28EAB /* ScrapbookListViewController.m in Sources */ = {isa = PBXBuildFile; fileRef = CF2C22F51AF5B45900D28EAB /* ScrapbookListViewController.m */; };
		CF2C23051AF5B4B000D28EAB /* ScrapbookListViewDataSource.m in Sources */ = {isa = PBXBuildFile; fileRef = CF2C23041AF5B4B000D28EAB /* ScrapbookListViewDataSource.m */; };
		CF2C23081AF5B4C300D28EAB /* EntryListViewDataSource.m in Sources */ = {isa = PBXBuildFile; fileRef = CF2C23071AF5B4C300D28EAB /* EntryListViewDataSource.m */; };
		CF2C230B1AF5B4D800D28EAB /* EntryListViewController.m in Sources */ = {isa = PBXBuildFile; fileRef = CF2C230A1AF5B4D800D28EAB /* EntryListViewController.m */; };
		CF2C23101AF5C01D00D28EAB /* AddScrapbookViewController.m in Sources */ = {isa = PBXBuildFile; fileRef = CF2C230F1AF5C01D00D28EAB /* AddScrapbookViewController.m */; };
		CF2C23131AF5C03C00D28EAB /* AddEntryViewController.m in Sources */ = {isa = PBXBuildFile; fileRef = CF2C23121AF5C03C00D28EAB /* AddEntryViewController.m */; };
		CF2C23161AF5C26200D28EAB /* Appearance.m in Sources */ = {isa = PBXBuildFile; fileRef = CF2C23151AF5C26200D28EAB /* Appearance.m */; };
		CF2C231B1AF5D1E900D28EAB /* CoreData.framework in Frameworks */ = {isa = PBXBuildFile; fileRef = CF2C231A1AF5D1E900D28EAB /* CoreData.framework */; };
		CF2C24871B01008A00D28EAB /* CustomScrapbookCell.m in Sources */ = {isa = PBXBuildFile; fileRef = CF2C24861B01008A00D28EAB /* CustomScrapbookCell.m */; };
		CF2C248A1B01009F00D28EAB /* CustomEntryCell.m in Sources */ = {isa = PBXBuildFile; fileRef = CF2C24891B01009F00D28EAB /* CustomEntryCell.m */; };
		CFE04C071B1A0DEA001F1DA6 /* SettingsController.m in Sources */ = {isa = PBXBuildFile; fileRef = CFE04C061B1A0DEA001F1DA6 /* SettingsController.m */; };
		CFE04C0A1B1A1C73001F1DA6 /* CollectionViewDataSource.m in Sources */ = {isa = PBXBuildFile; fileRef = CFE04C091B1A1C73001F1DA6 /* CollectionViewDataSource.m */; };
		CFE04C0D1B1A3986001F1DA6 /* StorePurchaseController.m in Sources */ = {isa = PBXBuildFile; fileRef = CFE04C0C1B1A3986001F1DA6 /* StorePurchaseController.m */; };
		CFE04C151B1A3A75001F1DA6 /* PurchasedDataController.m in Sources */ = {isa = PBXBuildFile; fileRef = CFE04C101B1A3A75001F1DA6 /* PurchasedDataController.m */; };
		CFE04C161B1A3A75001F1DA6 /* StoreViewController.m in Sources */ = {isa = PBXBuildFile; fileRef = CFE04C121B1A3A75001F1DA6 /* StoreViewController.m */; };
		CFE04C171B1A3A75001F1DA6 /* StoreViewDatasource.m in Sources */ = {isa = PBXBuildFile; fileRef = CFE04C141B1A3A75001F1DA6 /* StoreViewDatasource.m */; };
		CFE04C191B1A3A9E001F1DA6 /* Products.json in Resources */ = {isa = PBXBuildFile; fileRef = CFE04C181B1A3A9E001F1DA6 /* Products.json */; };
		CFE04C381B1A6724001F1DA6 /* SWRevealViewController.m in Sources */ = {isa = PBXBuildFile; fileRef = CFE04C371B1A6724001F1DA6 /* SWRevealViewController.m */; };
		CFE04C3B1B1A67E7001F1DA6 /* SettingsMenuViewController.m in Sources */ = {isa = PBXBuildFile; fileRef = CFE04C3A1B1A67E7001F1DA6 /* SettingsMenuViewController.m */; };
		CFE04C3E1B1AA757001F1DA6 /* CustomCollectionViewCell.m in Sources */ = {isa = PBXBuildFile; fileRef = CFE04C3D1B1AA757001F1DA6 /* CustomCollectionViewCell.m */; };
		CFE04C411B1AA92E001F1DA6 /* CustomCollectionViewCell2.m in Sources */ = {isa = PBXBuildFile; fileRef = CFE04C401B1AA92E001F1DA6 /* CustomCollectionViewCell2.m */; };
		CFE360AE1B2272FD003323A7 /* EXPhotoViewer.m in Sources */ = {isa = PBXBuildFile; fileRef = CFE360AD1B2272FD003323A7 /* EXPhotoViewer.m */; };
		CFE361061B237B65003323A7 /* AddressBookUI.framework in Frameworks */ = {isa = PBXBuildFile; fileRef = CFE361051B237B65003323A7 /* AddressBookUI.framework */; };
		CFE361081B237B74003323A7 /* AddressBook.framework in Frameworks */ = {isa = PBXBuildFile; fileRef = CFE361071B237B74003323A7 /* AddressBook.framework */; };
		CFE3610B1B23D24E003323A7 /* AnimationController.m in Sources */ = {isa = PBXBuildFile; fileRef = CFE3610A1B23D24E003323A7 /* AnimationController.m */; };
		CFE361161B23EDDD003323A7 /* CustomSegue.m in Sources */ = {isa = PBXBuildFile; fileRef = CFE361151B23EDDD003323A7 /* CustomSegue.m */; };
		CFE361211B253B58003323A7 /* iAd.framework in Frameworks */ = {isa = PBXBuildFile; fileRef = CFE361201B253B58003323A7 /* iAd.framework */; };
		CFE361291B28B8DE003323A7 /* AVFoundation.framework in Frameworks */ = {isa = PBXBuildFile; fileRef = CFE361281B28B8DE003323A7 /* AVFoundation.framework */; };
		CFE3612B1B28B925003323A7 /* AVKit.framework in Frameworks */ = {isa = PBXBuildFile; fileRef = CFE3612A1B28B925003323A7 /* AVKit.framework */; };
		CFE3612D1B28C30F003323A7 /* New Notification 02.wav in Resources */ = {isa = PBXBuildFile; fileRef = CFE3612C1B28C30F003323A7 /* New Notification 02.wav */; };
		CFE3612F1B28C31F003323A7 /* success.mp3 in Resources */ = {isa = PBXBuildFile; fileRef = CFE3612E1B28C31F003323A7 /* success.mp3 */; };
		CFE361311B28C335003323A7 /* Fast Swoosh.mp3 in Resources */ = {isa = PBXBuildFile; fileRef = CFE361301B28C335003323A7 /* Fast Swoosh.mp3 */; };
		CFE3613C1B293DDC003323A7 /* MilestonesKit.h in Headers */ = {isa = PBXBuildFile; fileRef = CFE3613B1B293DDC003323A7 /* MilestonesKit.h */; settings = {ATTRIBUTES = (Public, ); }; };
		CFE361421B293DDC003323A7 /* MilestonesKit.framework in Frameworks */ = {isa = PBXBuildFile; fileRef = CFE361371B293DDB003323A7 /* MilestonesKit.framework */; };
		CFE3614B1B293DDC003323A7 /* MilestonesKitTests.m in Sources */ = {isa = PBXBuildFile; fileRef = CFE3614A1B293DDC003323A7 /* MilestonesKitTests.m */; };
		CFE3614E1B293DDC003323A7 /* MilestonesKit.framework in Frameworks */ = {isa = PBXBuildFile; fileRef = CFE361371B293DDB003323A7 /* MilestonesKit.framework */; };
		CFE361501B293DDC003323A7 /* MilestonesKit.framework in Embed Frameworks */ = {isa = PBXBuildFile; fileRef = CFE361371B293DDB003323A7 /* MilestonesKit.framework */; settings = {ATTRIBUTES = (CodeSignOnCopy, RemoveHeadersOnCopy, ); }; };
		CFE361581B2940B5003323A7 /* Photo.h in Headers */ = {isa = PBXBuildFile; fileRef = CF2C23411AF6CDCE00D28EAB /* Photo.h */; settings = {ATTRIBUTES = (Public, ); }; };
		CFE361591B2940BE003323A7 /* Photo.m in Sources */ = {isa = PBXBuildFile; fileRef = CF2C23421AF6CDCE00D28EAB /* Photo.m */; };
		CFE3615A1B2940D9003323A7 /* Entry.h in Headers */ = {isa = PBXBuildFile; fileRef = CF2C233E1AF6CDCE00D28EAB /* Entry.h */; settings = {ATTRIBUTES = (Public, ); }; };
		CFE3615B1B2940E1003323A7 /* Entry.m in Sources */ = {isa = PBXBuildFile; fileRef = CF2C233F1AF6CDCE00D28EAB /* Entry.m */; };
		CFE3615C1B2940E6003323A7 /* Scrapbook.h in Headers */ = {isa = PBXBuildFile; fileRef = CF2C233B1AF6CDCE00D28EAB /* Scrapbook.h */; settings = {ATTRIBUTES = (Public, ); }; };
		CFE3615D1B2940EC003323A7 /* Scrapbook.m in Sources */ = {isa = PBXBuildFile; fileRef = CF2C233C1AF6CDCE00D28EAB /* Scrapbook.m */; };
		CFE3615E1B294408003323A7 /* PhotoController.h in Headers */ = {isa = PBXBuildFile; fileRef = CF2C232D1AF5EE2B00D28EAB /* PhotoController.h */; settings = {ATTRIBUTES = (Public, ); }; };
		CFE3615F1B29440C003323A7 /* PhotoController.m in Sources */ = {isa = PBXBuildFile; fileRef = CF2C232E1AF5EE2B00D28EAB /* PhotoController.m */; };
		CFE361601B294410003323A7 /* EntryController.h in Headers */ = {isa = PBXBuildFile; fileRef = CF2C22FD1AF5B48400D28EAB /* EntryController.h */; settings = {ATTRIBUTES = (Public, ); }; };
		CFE361611B294413003323A7 /* EntryController.m in Sources */ = {isa = PBXBuildFile; fileRef = CF2C22FE1AF5B48400D28EAB /* EntryController.m */; };
		CFE361621B294417003323A7 /* ScrapbookController.h in Headers */ = {isa = PBXBuildFile; fileRef = CF2C23001AF5B49300D28EAB /* ScrapbookController.h */; settings = {ATTRIBUTES = (Public, ); }; };
		CFE361631B294430003323A7 /* ScrapbookController.m in Sources */ = {isa = PBXBuildFile; fileRef = CF2C23011AF5B49300D28EAB /* ScrapbookController.m */; };
		CFE361641B294434003323A7 /* UserController.h in Headers */ = {isa = PBXBuildFile; fileRef = CFE361021B23739D003323A7 /* UserController.h */; settings = {ATTRIBUTES = (Public, ); }; };
		CFE361651B294439003323A7 /* UserController.m in Sources */ = {isa = PBXBuildFile; fileRef = CFE361031B23739D003323A7 /* UserController.m */; };
		CFE361671B29F2AA003323A7 /* ParseUI.framework in Frameworks */ = {isa = PBXBuildFile; fileRef = CF2C23491AF7E13800D28EAB /* ParseUI.framework */; };
		CFE361681B29F2BC003323A7 /* ParseFacebookUtilsV4.framework in Frameworks */ = {isa = PBXBuildFile; fileRef = CF2C23481AF7E13800D28EAB /* ParseFacebookUtilsV4.framework */; };
		CFE361691B29F2C2003323A7 /* ParseFacebookUtils.framework in Frameworks */ = {isa = PBXBuildFile; fileRef = CF2C23471AF7E13800D28EAB /* ParseFacebookUtils.framework */; };
		CFE3616A1B29F2C7003323A7 /* ParseCrashReporting.framework in Frameworks */ = {isa = PBXBuildFile; fileRef = CF2C23461AF7E13800D28EAB /* ParseCrashReporting.framework */; };
		CFE3616B1B29F2CC003323A7 /* Parse.framework in Frameworks */ = {isa = PBXBuildFile; fileRef = CF2C23451AF7E13800D28EAB /* Parse.framework */; };
		CFE3616C1B29F2D0003323A7 /* AudioToolbox.framework in Frameworks */ = {isa = PBXBuildFile; fileRef = CF2C23501AF7E15C00D28EAB /* AudioToolbox.framework */; };
		CFE3616D1B29F2D6003323A7 /* CFNetwork.framework in Frameworks */ = {isa = PBXBuildFile; fileRef = CF2C23521AF7E16700D28EAB /* CFNetwork.framework */; };
		CFE3616E1B29F2DA003323A7 /* CoreGraphics.framework in Frameworks */ = {isa = PBXBuildFile; fileRef = CF2C23541AF7E16F00D28EAB /* CoreGraphics.framework */; };
		CFE3616F1B29F2DF003323A7 /* CoreLocation.framework in Frameworks */ = {isa = PBXBuildFile; fileRef = CF2C23561AF7E17800D28EAB /* CoreLocation.framework */; };
		CFE361701B29F2E4003323A7 /* MobileCoreServices.framework in Frameworks */ = {isa = PBXBuildFile; fileRef = CF2C23581AF7E18200D28EAB /* MobileCoreServices.framework */; };
		CFE361711B29F2E8003323A7 /* QuartzCore.framework in Frameworks */ = {isa = PBXBuildFile; fileRef = CF2C235A1AF7E18A00D28EAB /* QuartzCore.framework */; };
		CFE361721B29F2EC003323A7 /* Security.framework in Frameworks */ = {isa = PBXBuildFile; fileRef = CF2C235C1AF7E19300D28EAB /* Security.framework */; };
		CFE361731B29F2F1003323A7 /* StoreKit.framework in Frameworks */ = {isa = PBXBuildFile; fileRef = CF2C235E1AF7E19B00D28EAB /* StoreKit.framework */; };
		CFE361741B29F2F6003323A7 /* SystemConfiguration.framework in Frameworks */ = {isa = PBXBuildFile; fileRef = CF2C23601AF7E1A900D28EAB /* SystemConfiguration.framework */; };
		CFE361751B29F2FC003323A7 /* libz.dylib in Frameworks */ = {isa = PBXBuildFile; fileRef = CF2C23621AF7E1B600D28EAB /* libz.dylib */; };
		CFE361761B29F301003323A7 /* libsqlite3.dylib in Frameworks */ = {isa = PBXBuildFile; fileRef = CF2C23641AF7E1BF00D28EAB /* libsqlite3.dylib */; };
		CFE361771B29F305003323A7 /* Accounts.framework in Frameworks */ = {isa = PBXBuildFile; fileRef = CF2C23661AF7E1CA00D28EAB /* Accounts.framework */; };
		CFE361781B29F30A003323A7 /* Social.framework in Frameworks */ = {isa = PBXBuildFile; fileRef = CF2C23681AF7E1D400D28EAB /* Social.framework */; };
		CFE3618B1B2A3461003323A7 /* Bolts.framework in Frameworks */ = {isa = PBXBuildFile; fileRef = CF2C23441AF7E13800D28EAB /* Bolts.framework */; };
		CFEC12DC1B04379500AB6C1B /* Main.storyboard in Resources */ = {isa = PBXBuildFile; fileRef = CFEC12DB1B04379500AB6C1B /* Main.storyboard */; };
		CFEC12E91B0C117800AB6C1B /* MyLoginViewController.m in Sources */ = {isa = PBXBuildFile; fileRef = CFEC12E81B0C117800AB6C1B /* MyLoginViewController.m */; };
		CFEC12EC1B0C119100AB6C1B /* MySignUpViewController.m in Sources */ = {isa = PBXBuildFile; fileRef = CFEC12EB1B0C119100AB6C1B /* MySignUpViewController.m */; };
/* End PBXBuildFile section */

/* Begin PBXContainerItemProxy section */
		CF2C22E51AF5B40A00D28EAB /* PBXContainerItemProxy */ = {
			isa = PBXContainerItemProxy;
			containerPortal = CF2C22C31AF5B40A00D28EAB /* Project object */;
			proxyType = 1;
			remoteGlobalIDString = CF2C22CA1AF5B40A00D28EAB;
			remoteInfo = Milestons;
		};
		CFE361431B293DDC003323A7 /* PBXContainerItemProxy */ = {
			isa = PBXContainerItemProxy;
			containerPortal = CF2C22C31AF5B40A00D28EAB /* Project object */;
			proxyType = 1;
			remoteGlobalIDString = CFE361361B293DDB003323A7;
			remoteInfo = MilestonesKit;
		};
		CFE361451B293DDC003323A7 /* PBXContainerItemProxy */ = {
			isa = PBXContainerItemProxy;
			containerPortal = CF2C22C31AF5B40A00D28EAB /* Project object */;
			proxyType = 1;
			remoteGlobalIDString = CF2C22CA1AF5B40A00D28EAB;
			remoteInfo = Milestons;
		};
		CFE3614C1B293DDC003323A7 /* PBXContainerItemProxy */ = {
			isa = PBXContainerItemProxy;
			containerPortal = CF2C22C31AF5B40A00D28EAB /* Project object */;
			proxyType = 1;
			remoteGlobalIDString = CFE361361B293DDB003323A7;
			remoteInfo = MilestonesKit;
		};
/* End PBXContainerItemProxy section */

/* Begin PBXCopyFilesBuildPhase section */
		CFE3614F1B293DDC003323A7 /* Embed Frameworks */ = {
			isa = PBXCopyFilesBuildPhase;
			buildActionMask = 2147483647;
			dstPath = "";
			dstSubfolderSpec = 10;
			files = (
				CFE361501B293DDC003323A7 /* MilestonesKit.framework in Embed Frameworks */,
			);
			name = "Embed Frameworks";
			runOnlyForDeploymentPostprocessing = 0;
		};
/* End PBXCopyFilesBuildPhase section */

/* Begin PBXFileReference section */
		CF2C22CB1AF5B40A00D28EAB /* Milestons.app */ = {isa = PBXFileReference; explicitFileType = wrapper.application; includeInIndex = 0; path = Milestons.app; sourceTree = BUILT_PRODUCTS_DIR; };
		CF2C22CF1AF5B40A00D28EAB /* Info.plist */ = {isa = PBXFileReference; lastKnownFileType = text.plist.xml; path = Info.plist; sourceTree = "<group>"; };
		CF2C22D01AF5B40A00D28EAB /* main.m */ = {isa = PBXFileReference; lastKnownFileType = sourcecode.c.objc; path = main.m; sourceTree = "<group>"; };
		CF2C22D21AF5B40A00D28EAB /* AppDelegate.h */ = {isa = PBXFileReference; lastKnownFileType = sourcecode.c.h; path = AppDelegate.h; sourceTree = "<group>"; };
		CF2C22D31AF5B40A00D28EAB /* AppDelegate.m */ = {isa = PBXFileReference; lastKnownFileType = sourcecode.c.objc; path = AppDelegate.m; sourceTree = "<group>"; };
		CF2C22D51AF5B40A00D28EAB /* ViewController.h */ = {isa = PBXFileReference; lastKnownFileType = sourcecode.c.h; path = ViewController.h; sourceTree = "<group>"; };
		CF2C22D61AF5B40A00D28EAB /* ViewController.m */ = {isa = PBXFileReference; lastKnownFileType = sourcecode.c.objc; path = ViewController.m; sourceTree = "<group>"; };
		CF2C22DB1AF5B40A00D28EAB /* Images.xcassets */ = {isa = PBXFileReference; lastKnownFileType = folder.assetcatalog; path = Images.xcassets; sourceTree = "<group>"; };
		CF2C22DE1AF5B40A00D28EAB /* Base */ = {isa = PBXFileReference; lastKnownFileType = file.xib; name = Base; path = Base.lproj/LaunchScreen.xib; sourceTree = "<group>"; };
		CF2C22E41AF5B40A00D28EAB /* MilestonsTests.xctest */ = {isa = PBXFileReference; explicitFileType = wrapper.cfbundle; includeInIndex = 0; path = MilestonsTests.xctest; sourceTree = BUILT_PRODUCTS_DIR; };
		CF2C22E91AF5B40A00D28EAB /* Info.plist */ = {isa = PBXFileReference; lastKnownFileType = text.plist.xml; path = Info.plist; sourceTree = "<group>"; };
		CF2C22EA1AF5B40A00D28EAB /* MilestonsTests.m */ = {isa = PBXFileReference; lastKnownFileType = sourcecode.c.objc; path = MilestonsTests.m; sourceTree = "<group>"; };
		CF2C22F41AF5B45900D28EAB /* ScrapbookListViewController.h */ = {isa = PBXFileReference; fileEncoding = 4; lastKnownFileType = sourcecode.c.h; path = ScrapbookListViewController.h; sourceTree = "<group>"; };
		CF2C22F51AF5B45900D28EAB /* ScrapbookListViewController.m */ = {isa = PBXFileReference; fileEncoding = 4; lastKnownFileType = sourcecode.c.objc; path = ScrapbookListViewController.m; sourceTree = "<group>"; };
		CF2C22FD1AF5B48400D28EAB /* EntryController.h */ = {isa = PBXFileReference; fileEncoding = 4; lastKnownFileType = sourcecode.c.h; name = EntryController.h; path = Milestons/EntryController.h; sourceTree = "<group>"; };
		CF2C22FE1AF5B48400D28EAB /* EntryController.m */ = {isa = PBXFileReference; fileEncoding = 4; lastKnownFileType = sourcecode.c.objc; name = EntryController.m; path = Milestons/EntryController.m; sourceTree = "<group>"; };
		CF2C23001AF5B49300D28EAB /* ScrapbookController.h */ = {isa = PBXFileReference; fileEncoding = 4; lastKnownFileType = sourcecode.c.h; name = ScrapbookController.h; path = Milestons/ScrapbookController.h; sourceTree = "<group>"; };
		CF2C23011AF5B49300D28EAB /* ScrapbookController.m */ = {isa = PBXFileReference; fileEncoding = 4; lastKnownFileType = sourcecode.c.objc; name = ScrapbookController.m; path = Milestons/ScrapbookController.m; sourceTree = "<group>"; };
		CF2C23031AF5B4B000D28EAB /* ScrapbookListViewDataSource.h */ = {isa = PBXFileReference; fileEncoding = 4; lastKnownFileType = sourcecode.c.h; path = ScrapbookListViewDataSource.h; sourceTree = "<group>"; };
		CF2C23041AF5B4B000D28EAB /* ScrapbookListViewDataSource.m */ = {isa = PBXFileReference; fileEncoding = 4; lastKnownFileType = sourcecode.c.objc; path = ScrapbookListViewDataSource.m; sourceTree = "<group>"; };
		CF2C23061AF5B4C300D28EAB /* EntryListViewDataSource.h */ = {isa = PBXFileReference; fileEncoding = 4; lastKnownFileType = sourcecode.c.h; path = EntryListViewDataSource.h; sourceTree = "<group>"; };
		CF2C23071AF5B4C300D28EAB /* EntryListViewDataSource.m */ = {isa = PBXFileReference; fileEncoding = 4; lastKnownFileType = sourcecode.c.objc; path = EntryListViewDataSource.m; sourceTree = "<group>"; };
		CF2C23091AF5B4D800D28EAB /* EntryListViewController.h */ = {isa = PBXFileReference; fileEncoding = 4; lastKnownFileType = sourcecode.c.h; path = EntryListViewController.h; sourceTree = "<group>"; };
		CF2C230A1AF5B4D800D28EAB /* EntryListViewController.m */ = {isa = PBXFileReference; fileEncoding = 4; lastKnownFileType = sourcecode.c.objc; path = EntryListViewController.m; sourceTree = "<group>"; };
		CF2C230E1AF5C01D00D28EAB /* AddScrapbookViewController.h */ = {isa = PBXFileReference; fileEncoding = 4; lastKnownFileType = sourcecode.c.h; path = AddScrapbookViewController.h; sourceTree = "<group>"; };
		CF2C230F1AF5C01D00D28EAB /* AddScrapbookViewController.m */ = {isa = PBXFileReference; fileEncoding = 4; lastKnownFileType = sourcecode.c.objc; path = AddScrapbookViewController.m; sourceTree = "<group>"; };
		CF2C23111AF5C03C00D28EAB /* AddEntryViewController.h */ = {isa = PBXFileReference; fileEncoding = 4; lastKnownFileType = sourcecode.c.h; path = AddEntryViewController.h; sourceTree = "<group>"; };
		CF2C23121AF5C03C00D28EAB /* AddEntryViewController.m */ = {isa = PBXFileReference; fileEncoding = 4; lastKnownFileType = sourcecode.c.objc; path = AddEntryViewController.m; sourceTree = "<group>"; };
		CF2C23141AF5C26200D28EAB /* Appearance.h */ = {isa = PBXFileReference; fileEncoding = 4; lastKnownFileType = sourcecode.c.h; path = Appearance.h; sourceTree = "<group>"; };
		CF2C23151AF5C26200D28EAB /* Appearance.m */ = {isa = PBXFileReference; fileEncoding = 4; lastKnownFileType = sourcecode.c.objc; path = Appearance.m; sourceTree = "<group>"; };
		CF2C231A1AF5D1E900D28EAB /* CoreData.framework */ = {isa = PBXFileReference; lastKnownFileType = wrapper.framework; name = CoreData.framework; path = System/Library/Frameworks/CoreData.framework; sourceTree = SDKROOT; };
		CF2C232D1AF5EE2B00D28EAB /* PhotoController.h */ = {isa = PBXFileReference; fileEncoding = 4; lastKnownFileType = sourcecode.c.h; name = PhotoController.h; path = Milestons/PhotoController.h; sourceTree = "<group>"; };
		CF2C232E1AF5EE2B00D28EAB /* PhotoController.m */ = {isa = PBXFileReference; fileEncoding = 4; lastKnownFileType = sourcecode.c.objc; name = PhotoController.m; path = Milestons/PhotoController.m; sourceTree = "<group>"; };
		CF2C233B1AF6CDCE00D28EAB /* Scrapbook.h */ = {isa = PBXFileReference; fileEncoding = 4; lastKnownFileType = sourcecode.c.h; path = Scrapbook.h; sourceTree = "<group>"; };
		CF2C233C1AF6CDCE00D28EAB /* Scrapbook.m */ = {isa = PBXFileReference; fileEncoding = 4; lastKnownFileType = sourcecode.c.objc; path = Scrapbook.m; sourceTree = "<group>"; };
		CF2C233E1AF6CDCE00D28EAB /* Entry.h */ = {isa = PBXFileReference; fileEncoding = 4; lastKnownFileType = sourcecode.c.h; path = Entry.h; sourceTree = "<group>"; };
		CF2C233F1AF6CDCE00D28EAB /* Entry.m */ = {isa = PBXFileReference; fileEncoding = 4; lastKnownFileType = sourcecode.c.objc; path = Entry.m; sourceTree = "<group>"; };
		CF2C23411AF6CDCE00D28EAB /* Photo.h */ = {isa = PBXFileReference; fileEncoding = 4; lastKnownFileType = sourcecode.c.h; path = Photo.h; sourceTree = "<group>"; };
		CF2C23421AF6CDCE00D28EAB /* Photo.m */ = {isa = PBXFileReference; fileEncoding = 4; lastKnownFileType = sourcecode.c.objc; path = Photo.m; sourceTree = "<group>"; };
		CF2C23441AF7E13800D28EAB /* Bolts.framework */ = {isa = PBXFileReference; lastKnownFileType = wrapper.framework; name = Bolts.framework; path = ../Milestons/Bolts.framework; sourceTree = "<group>"; };
		CF2C23451AF7E13800D28EAB /* Parse.framework */ = {isa = PBXFileReference; lastKnownFileType = wrapper.framework; name = Parse.framework; path = ../Milestons/Parse.framework; sourceTree = "<group>"; };
		CF2C23461AF7E13800D28EAB /* ParseCrashReporting.framework */ = {isa = PBXFileReference; lastKnownFileType = wrapper.framework; name = ParseCrashReporting.framework; path = ../Milestons/ParseCrashReporting.framework; sourceTree = "<group>"; };
		CF2C23471AF7E13800D28EAB /* ParseFacebookUtils.framework */ = {isa = PBXFileReference; lastKnownFileType = wrapper.framework; name = ParseFacebookUtils.framework; path = ../Milestons/ParseFacebookUtils.framework; sourceTree = "<group>"; };
		CF2C23481AF7E13800D28EAB /* ParseFacebookUtilsV4.framework */ = {isa = PBXFileReference; lastKnownFileType = wrapper.framework; name = ParseFacebookUtilsV4.framework; path = ../Milestons/ParseFacebookUtilsV4.framework; sourceTree = "<group>"; };
		CF2C23491AF7E13800D28EAB /* ParseUI.framework */ = {isa = PBXFileReference; lastKnownFileType = wrapper.framework; name = ParseUI.framework; path = ../Milestons/ParseUI.framework; sourceTree = "<group>"; };
		CF2C23501AF7E15C00D28EAB /* AudioToolbox.framework */ = {isa = PBXFileReference; lastKnownFileType = wrapper.framework; name = AudioToolbox.framework; path = System/Library/Frameworks/AudioToolbox.framework; sourceTree = SDKROOT; };
		CF2C23521AF7E16700D28EAB /* CFNetwork.framework */ = {isa = PBXFileReference; lastKnownFileType = wrapper.framework; name = CFNetwork.framework; path = System/Library/Frameworks/CFNetwork.framework; sourceTree = SDKROOT; };
		CF2C23541AF7E16F00D28EAB /* CoreGraphics.framework */ = {isa = PBXFileReference; lastKnownFileType = wrapper.framework; name = CoreGraphics.framework; path = System/Library/Frameworks/CoreGraphics.framework; sourceTree = SDKROOT; };
		CF2C23561AF7E17800D28EAB /* CoreLocation.framework */ = {isa = PBXFileReference; lastKnownFileType = wrapper.framework; name = CoreLocation.framework; path = System/Library/Frameworks/CoreLocation.framework; sourceTree = SDKROOT; };
		CF2C23581AF7E18200D28EAB /* MobileCoreServices.framework */ = {isa = PBXFileReference; lastKnownFileType = wrapper.framework; name = MobileCoreServices.framework; path = System/Library/Frameworks/MobileCoreServices.framework; sourceTree = SDKROOT; };
		CF2C235A1AF7E18A00D28EAB /* QuartzCore.framework */ = {isa = PBXFileReference; lastKnownFileType = wrapper.framework; name = QuartzCore.framework; path = System/Library/Frameworks/QuartzCore.framework; sourceTree = SDKROOT; };
		CF2C235C1AF7E19300D28EAB /* Security.framework */ = {isa = PBXFileReference; lastKnownFileType = wrapper.framework; name = Security.framework; path = System/Library/Frameworks/Security.framework; sourceTree = SDKROOT; };
		CF2C235E1AF7E19B00D28EAB /* StoreKit.framework */ = {isa = PBXFileReference; lastKnownFileType = wrapper.framework; name = StoreKit.framework; path = System/Library/Frameworks/StoreKit.framework; sourceTree = SDKROOT; };
		CF2C23601AF7E1A900D28EAB /* SystemConfiguration.framework */ = {isa = PBXFileReference; lastKnownFileType = wrapper.framework; name = SystemConfiguration.framework; path = System/Library/Frameworks/SystemConfiguration.framework; sourceTree = SDKROOT; };
		CF2C23621AF7E1B600D28EAB /* libz.dylib */ = {isa = PBXFileReference; lastKnownFileType = "compiled.mach-o.dylib"; name = libz.dylib; path = usr/lib/libz.dylib; sourceTree = SDKROOT; };
		CF2C23641AF7E1BF00D28EAB /* libsqlite3.dylib */ = {isa = PBXFileReference; lastKnownFileType = "compiled.mach-o.dylib"; name = libsqlite3.dylib; path = usr/lib/libsqlite3.dylib; sourceTree = SDKROOT; };
		CF2C23661AF7E1CA00D28EAB /* Accounts.framework */ = {isa = PBXFileReference; lastKnownFileType = wrapper.framework; name = Accounts.framework; path = System/Library/Frameworks/Accounts.framework; sourceTree = SDKROOT; };
		CF2C23681AF7E1D400D28EAB /* Social.framework */ = {isa = PBXFileReference; lastKnownFileType = wrapper.framework; name = Social.framework; path = System/Library/Frameworks/Social.framework; sourceTree = SDKROOT; };
		CF2C24851B01008A00D28EAB /* CustomScrapbookCell.h */ = {isa = PBXFileReference; fileEncoding = 4; lastKnownFileType = sourcecode.c.h; path = CustomScrapbookCell.h; sourceTree = "<group>"; };
		CF2C24861B01008A00D28EAB /* CustomScrapbookCell.m */ = {isa = PBXFileReference; fileEncoding = 4; lastKnownFileType = sourcecode.c.objc; path = CustomScrapbookCell.m; sourceTree = "<group>"; };
		CF2C24881B01009F00D28EAB /* CustomEntryCell.h */ = {isa = PBXFileReference; fileEncoding = 4; lastKnownFileType = sourcecode.c.h; path = CustomEntryCell.h; sourceTree = "<group>"; };
		CF2C24891B01009F00D28EAB /* CustomEntryCell.m */ = {isa = PBXFileReference; fileEncoding = 4; lastKnownFileType = sourcecode.c.objc; path = CustomEntryCell.m; sourceTree = "<group>"; };
		CFE04C051B1A0DEA001F1DA6 /* SettingsController.h */ = {isa = PBXFileReference; fileEncoding = 4; lastKnownFileType = sourcecode.c.h; path = SettingsController.h; sourceTree = "<group>"; };
		CFE04C061B1A0DEA001F1DA6 /* SettingsController.m */ = {isa = PBXFileReference; fileEncoding = 4; lastKnownFileType = sourcecode.c.objc; path = SettingsController.m; sourceTree = "<group>"; };
		CFE04C081B1A1C73001F1DA6 /* CollectionViewDataSource.h */ = {isa = PBXFileReference; fileEncoding = 4; lastKnownFileType = sourcecode.c.h; path = CollectionViewDataSource.h; sourceTree = "<group>"; };
		CFE04C091B1A1C73001F1DA6 /* CollectionViewDataSource.m */ = {isa = PBXFileReference; fileEncoding = 4; lastKnownFileType = sourcecode.c.objc; path = CollectionViewDataSource.m; sourceTree = "<group>"; };
		CFE04C0B1B1A3986001F1DA6 /* StorePurchaseController.h */ = {isa = PBXFileReference; fileEncoding = 4; lastKnownFileType = sourcecode.c.h; name = StorePurchaseController.h; path = Milestons/StorePurchaseController.h; sourceTree = "<group>"; };
		CFE04C0C1B1A3986001F1DA6 /* StorePurchaseController.m */ = {isa = PBXFileReference; fileEncoding = 4; lastKnownFileType = sourcecode.c.objc; name = StorePurchaseController.m; path = Milestons/StorePurchaseController.m; sourceTree = "<group>"; };
		CFE04C0F1B1A3A75001F1DA6 /* PurchasedDataController.h */ = {isa = PBXFileReference; fileEncoding = 4; lastKnownFileType = sourcecode.c.h; path = PurchasedDataController.h; sourceTree = "<group>"; };
		CFE04C101B1A3A75001F1DA6 /* PurchasedDataController.m */ = {isa = PBXFileReference; fileEncoding = 4; lastKnownFileType = sourcecode.c.objc; path = PurchasedDataController.m; sourceTree = "<group>"; };
		CFE04C111B1A3A75001F1DA6 /* StoreViewController.h */ = {isa = PBXFileReference; fileEncoding = 4; lastKnownFileType = sourcecode.c.h; path = StoreViewController.h; sourceTree = "<group>"; };
		CFE04C121B1A3A75001F1DA6 /* StoreViewController.m */ = {isa = PBXFileReference; fileEncoding = 4; lastKnownFileType = sourcecode.c.objc; path = StoreViewController.m; sourceTree = "<group>"; };
		CFE04C131B1A3A75001F1DA6 /* StoreViewDatasource.h */ = {isa = PBXFileReference; fileEncoding = 4; lastKnownFileType = sourcecode.c.h; path = StoreViewDatasource.h; sourceTree = "<group>"; };
		CFE04C141B1A3A75001F1DA6 /* StoreViewDatasource.m */ = {isa = PBXFileReference; fileEncoding = 4; lastKnownFileType = sourcecode.c.objc; path = StoreViewDatasource.m; sourceTree = "<group>"; };
		CFE04C181B1A3A9E001F1DA6 /* Products.json */ = {isa = PBXFileReference; fileEncoding = 4; lastKnownFileType = text.json; path = Products.json; sourceTree = "<group>"; };
		CFE04C361B1A6724001F1DA6 /* SWRevealViewController.h */ = {isa = PBXFileReference; fileEncoding = 4; lastKnownFileType = sourcecode.c.h; path = SWRevealViewController.h; sourceTree = "<group>"; };
		CFE04C371B1A6724001F1DA6 /* SWRevealViewController.m */ = {isa = PBXFileReference; fileEncoding = 4; lastKnownFileType = sourcecode.c.objc; path = SWRevealViewController.m; sourceTree = "<group>"; };
		CFE04C391B1A67E7001F1DA6 /* SettingsMenuViewController.h */ = {isa = PBXFileReference; fileEncoding = 4; lastKnownFileType = sourcecode.c.h; path = SettingsMenuViewController.h; sourceTree = "<group>"; };
		CFE04C3A1B1A67E7001F1DA6 /* SettingsMenuViewController.m */ = {isa = PBXFileReference; fileEncoding = 4; lastKnownFileType = sourcecode.c.objc; path = SettingsMenuViewController.m; sourceTree = "<group>"; };
		CFE04C3C1B1AA757001F1DA6 /* CustomCollectionViewCell.h */ = {isa = PBXFileReference; fileEncoding = 4; lastKnownFileType = sourcecode.c.h; path = CustomCollectionViewCell.h; sourceTree = "<group>"; };
		CFE04C3D1B1AA757001F1DA6 /* CustomCollectionViewCell.m */ = {isa = PBXFileReference; fileEncoding = 4; lastKnownFileType = sourcecode.c.objc; path = CustomCollectionViewCell.m; sourceTree = "<group>"; };
		CFE04C3F1B1AA92E001F1DA6 /* CustomCollectionViewCell2.h */ = {isa = PBXFileReference; fileEncoding = 4; lastKnownFileType = sourcecode.c.h; path = CustomCollectionViewCell2.h; sourceTree = "<group>"; };
		CFE04C401B1AA92E001F1DA6 /* CustomCollectionViewCell2.m */ = {isa = PBXFileReference; fileEncoding = 4; lastKnownFileType = sourcecode.c.objc; path = CustomCollectionViewCell2.m; sourceTree = "<group>"; };
		CFE360AC1B2272FD003323A7 /* EXPhotoViewer.h */ = {isa = PBXFileReference; fileEncoding = 4; lastKnownFileType = sourcecode.c.h; path = EXPhotoViewer.h; sourceTree = "<group>"; };
		CFE360AD1B2272FD003323A7 /* EXPhotoViewer.m */ = {isa = PBXFileReference; fileEncoding = 4; lastKnownFileType = sourcecode.c.objc; path = EXPhotoViewer.m; sourceTree = "<group>"; };
		CFE361021B23739D003323A7 /* UserController.h */ = {isa = PBXFileReference; fileEncoding = 4; lastKnownFileType = sourcecode.c.h; path = UserController.h; sourceTree = "<group>"; };
		CFE361031B23739D003323A7 /* UserController.m */ = {isa = PBXFileReference; fileEncoding = 4; lastKnownFileType = sourcecode.c.objc; path = UserController.m; sourceTree = "<group>"; };
		CFE361051B237B65003323A7 /* AddressBookUI.framework */ = {isa = PBXFileReference; lastKnownFileType = wrapper.framework; name = AddressBookUI.framework; path = System/Library/Frameworks/AddressBookUI.framework; sourceTree = SDKROOT; };
		CFE361071B237B74003323A7 /* AddressBook.framework */ = {isa = PBXFileReference; lastKnownFileType = wrapper.framework; name = AddressBook.framework; path = System/Library/Frameworks/AddressBook.framework; sourceTree = SDKROOT; };
		CFE361091B23D24E003323A7 /* AnimationController.h */ = {isa = PBXFileReference; fileEncoding = 4; lastKnownFileType = sourcecode.c.h; path = AnimationController.h; sourceTree = "<group>"; };
		CFE3610A1B23D24E003323A7 /* AnimationController.m */ = {isa = PBXFileReference; fileEncoding = 4; lastKnownFileType = sourcecode.c.objc; path = AnimationController.m; sourceTree = "<group>"; };
		CFE361141B23EDDD003323A7 /* CustomSegue.h */ = {isa = PBXFileReference; fileEncoding = 4; lastKnownFileType = sourcecode.c.h; path = CustomSegue.h; sourceTree = "<group>"; };
		CFE361151B23EDDD003323A7 /* CustomSegue.m */ = {isa = PBXFileReference; fileEncoding = 4; lastKnownFileType = sourcecode.c.objc; path = CustomSegue.m; sourceTree = "<group>"; };
		CFE361201B253B58003323A7 /* iAd.framework */ = {isa = PBXFileReference; lastKnownFileType = wrapper.framework; name = iAd.framework; path = System/Library/Frameworks/iAd.framework; sourceTree = SDKROOT; };
		CFE361281B28B8DE003323A7 /* AVFoundation.framework */ = {isa = PBXFileReference; lastKnownFileType = wrapper.framework; name = AVFoundation.framework; path = System/Library/Frameworks/AVFoundation.framework; sourceTree = SDKROOT; };
		CFE3612A1B28B925003323A7 /* AVKit.framework */ = {isa = PBXFileReference; lastKnownFileType = wrapper.framework; name = AVKit.framework; path = System/Library/Frameworks/AVKit.framework; sourceTree = SDKROOT; };
		CFE3612C1B28C30F003323A7 /* New Notification 02.wav */ = {isa = PBXFileReference; lastKnownFileType = audio.wav; path = "New Notification 02.wav"; sourceTree = "<group>"; };
		CFE3612E1B28C31F003323A7 /* success.mp3 */ = {isa = PBXFileReference; lastKnownFileType = audio.mp3; path = success.mp3; sourceTree = "<group>"; };
		CFE361301B28C335003323A7 /* Fast Swoosh.mp3 */ = {isa = PBXFileReference; lastKnownFileType = audio.mp3; path = "Fast Swoosh.mp3"; sourceTree = "<group>"; };
		CFE361371B293DDB003323A7 /* MilestonesKit.framework */ = {isa = PBXFileReference; explicitFileType = wrapper.framework; includeInIndex = 0; path = MilestonesKit.framework; sourceTree = BUILT_PRODUCTS_DIR; };
		CFE3613A1B293DDC003323A7 /* Info.plist */ = {isa = PBXFileReference; lastKnownFileType = text.plist.xml; path = Info.plist; sourceTree = "<group>"; };
		CFE3613B1B293DDC003323A7 /* MilestonesKit.h */ = {isa = PBXFileReference; lastKnownFileType = sourcecode.c.h; path = MilestonesKit.h; sourceTree = "<group>"; };
		CFE361411B293DDC003323A7 /* MilestonesKitTests.xctest */ = {isa = PBXFileReference; explicitFileType = wrapper.cfbundle; includeInIndex = 0; path = MilestonesKitTests.xctest; sourceTree = BUILT_PRODUCTS_DIR; };
		CFE361491B293DDC003323A7 /* Info.plist */ = {isa = PBXFileReference; lastKnownFileType = text.plist.xml; path = Info.plist; sourceTree = "<group>"; };
		CFE3614A1B293DDC003323A7 /* MilestonesKitTests.m */ = {isa = PBXFileReference; lastKnownFileType = sourcecode.c.objc; path = MilestonesKitTests.m; sourceTree = "<group>"; };
		CFE361571B293F05003323A7 /* Milestons.entitlements */ = {isa = PBXFileReference; lastKnownFileType = text.xml; name = Milestons.entitlements; path = Milestons/Milestons.entitlements; sourceTree = "<group>"; };
		CFEC12DB1B04379500AB6C1B /* Main.storyboard */ = {isa = PBXFileReference; fileEncoding = 4; lastKnownFileType = file.storyboard; path = Main.storyboard; sourceTree = "<group>"; };
		CFEC12E71B0C117800AB6C1B /* MyLoginViewController.h */ = {isa = PBXFileReference; fileEncoding = 4; lastKnownFileType = sourcecode.c.h; name = MyLoginViewController.h; path = ../MyLoginViewController.h; sourceTree = "<group>"; };
		CFEC12E81B0C117800AB6C1B /* MyLoginViewController.m */ = {isa = PBXFileReference; fileEncoding = 4; lastKnownFileType = sourcecode.c.objc; name = MyLoginViewController.m; path = ../MyLoginViewController.m; sourceTree = "<group>"; };
		CFEC12EA1B0C119100AB6C1B /* MySignUpViewController.h */ = {isa = PBXFileReference; fileEncoding = 4; lastKnownFileType = sourcecode.c.h; name = MySignUpViewController.h; path = ../MySignUpViewController.h; sourceTree = "<group>"; };
		CFEC12EB1B0C119100AB6C1B /* MySignUpViewController.m */ = {isa = PBXFileReference; fileEncoding = 4; lastKnownFileType = sourcecode.c.objc; name = MySignUpViewController.m; path = ../MySignUpViewController.m; sourceTree = "<group>"; };
/* End PBXFileReference section */

/* Begin PBXFrameworksBuildPhase section */
		CF2C22C81AF5B40A00D28EAB /* Frameworks */ = {
			isa = PBXFrameworksBuildPhase;
			buildActionMask = 2147483647;
			files = (
				CFE3612B1B28B925003323A7 /* AVKit.framework in Frameworks */,
				CFE361291B28B8DE003323A7 /* AVFoundation.framework in Frameworks */,
				CFE361211B253B58003323A7 /* iAd.framework in Frameworks */,
				CFE361081B237B74003323A7 /* AddressBook.framework in Frameworks */,
				CFE361061B237B65003323A7 /* AddressBookUI.framework in Frameworks */,
				CFE3614E1B293DDC003323A7 /* MilestonesKit.framework in Frameworks */,
				CF2C231B1AF5D1E900D28EAB /* CoreData.framework in Frameworks */,
			);
			runOnlyForDeploymentPostprocessing = 0;
		};
		CF2C22E11AF5B40A00D28EAB /* Frameworks */ = {
			isa = PBXFrameworksBuildPhase;
			buildActionMask = 2147483647;
			files = (
			);
			runOnlyForDeploymentPostprocessing = 0;
		};
		CFE361331B293DDB003323A7 /* Frameworks */ = {
			isa = PBXFrameworksBuildPhase;
			buildActionMask = 2147483647;
			files = (
				CFE361681B29F2BC003323A7 /* ParseFacebookUtilsV4.framework in Frameworks */,
				CFE3618B1B2A3461003323A7 /* Bolts.framework in Frameworks */,
				CFE361671B29F2AA003323A7 /* ParseUI.framework in Frameworks */,
				CFE3616D1B29F2D6003323A7 /* CFNetwork.framework in Frameworks */,
				CFE361711B29F2E8003323A7 /* QuartzCore.framework in Frameworks */,
				CFE361701B29F2E4003323A7 /* MobileCoreServices.framework in Frameworks */,
				CFE3616F1B29F2DF003323A7 /* CoreLocation.framework in Frameworks */,
				CFE361691B29F2C2003323A7 /* ParseFacebookUtils.framework in Frameworks */,
				CFE3616E1B29F2DA003323A7 /* CoreGraphics.framework in Frameworks */,
				CFE361771B29F305003323A7 /* Accounts.framework in Frameworks */,
				CFE361741B29F2F6003323A7 /* SystemConfiguration.framework in Frameworks */,
				CFE3616A1B29F2C7003323A7 /* ParseCrashReporting.framework in Frameworks */,
				CFE3616B1B29F2CC003323A7 /* Parse.framework in Frameworks */,
				CFE361751B29F2FC003323A7 /* libz.dylib in Frameworks */,
				CFE361721B29F2EC003323A7 /* Security.framework in Frameworks */,
				CFE361731B29F2F1003323A7 /* StoreKit.framework in Frameworks */,
				CFE361781B29F30A003323A7 /* Social.framework in Frameworks */,
				CFE361761B29F301003323A7 /* libsqlite3.dylib in Frameworks */,
				CFE3616C1B29F2D0003323A7 /* AudioToolbox.framework in Frameworks */,
			);
			runOnlyForDeploymentPostprocessing = 0;
		};
		CFE3613E1B293DDC003323A7 /* Frameworks */ = {
			isa = PBXFrameworksBuildPhase;
			buildActionMask = 2147483647;
			files = (
				CFE361421B293DDC003323A7 /* MilestonesKit.framework in Frameworks */,
			);
			runOnlyForDeploymentPostprocessing = 0;
		};
/* End PBXFrameworksBuildPhase section */

/* Begin PBXGroup section */
		CF2C22C21AF5B40A00D28EAB = {
			isa = PBXGroup;
			children = (
				CFE361571B293F05003323A7 /* Milestons.entitlements */,
				CFE04C0E1B1A3999001F1DA6 /* InAppPurchases */,
				CF2C22CD1AF5B40A00D28EAB /* View */,
				CF2C22E71AF5B40A00D28EAB /* MilestonsTests */,
				CFE361381B293DDC003323A7 /* MilestonesKit */,
				CFE361471B293DDC003323A7 /* MilestonesKitTests */,
				CF2C22CC1AF5B40A00D28EAB /* Products */,
			);
			sourceTree = "<group>";
		};
		CF2C22CC1AF5B40A00D28EAB /* Products */ = {
			isa = PBXGroup;
			children = (
				CF2C22CB1AF5B40A00D28EAB /* Milestons.app */,
				CF2C22E41AF5B40A00D28EAB /* MilestonsTests.xctest */,
				CFE361371B293DDB003323A7 /* MilestonesKit.framework */,
				CFE361411B293DDC003323A7 /* MilestonesKitTests.xctest */,
			);
			name = Products;
			sourceTree = "<group>";
		};
		CF2C22CD1AF5B40A00D28EAB /* View */ = {
			isa = PBXGroup;
			children = (
				CF2C22D21AF5B40A00D28EAB /* AppDelegate.h */,
				CF2C22D31AF5B40A00D28EAB /* AppDelegate.m */,
				CF2C22D51AF5B40A00D28EAB /* ViewController.h */,
				CF2C22D61AF5B40A00D28EAB /* ViewController.m */,
				CF2C23141AF5C26200D28EAB /* Appearance.h */,
				CF2C23151AF5C26200D28EAB /* Appearance.m */,
				CFE361091B23D24E003323A7 /* AnimationController.h */,
				CFE3610A1B23D24E003323A7 /* AnimationController.m */,
				CFE04C051B1A0DEA001F1DA6 /* SettingsController.h */,
				CFE04C061B1A0DEA001F1DA6 /* SettingsController.m */,
				CFEC12E71B0C117800AB6C1B /* MyLoginViewController.h */,
				CFEC12E81B0C117800AB6C1B /* MyLoginViewController.m */,
				CFEC12EA1B0C119100AB6C1B /* MySignUpViewController.h */,
				CFEC12EB1B0C119100AB6C1B /* MySignUpViewController.m */,
				CFE361141B23EDDD003323A7 /* CustomSegue.h */,
				CFE361151B23EDDD003323A7 /* CustomSegue.m */,
				CFE360AB1B2272FD003323A7 /* EXPhotoViewer */,
				CFE04C341B1A5802001F1DA6 /* SettingsMenu */,
				CF2C230C1AF5B50100D28EAB /* Scrapbooks */,
				CF2C230D1AF5B50D00D28EAB /* Entries */,
				CF2C22DB1AF5B40A00D28EAB /* Images.xcassets */,
				CF2C22DD1AF5B40A00D28EAB /* LaunchScreen.xib */,
				CFEC12DB1B04379500AB6C1B /* Main.storyboard */,
				CF2C22CE1AF5B40A00D28EAB /* Supporting Files */,
			);
			name = View;
			path = Milestons;
			sourceTree = "<group>";
		};
		CF2C22CE1AF5B40A00D28EAB /* Supporting Files */ = {
			isa = PBXGroup;
			children = (
				CFE3611D1B24840A003323A7 /* Audio */,
				CFE361281B28B8DE003323A7 /* AVFoundation.framework */,
				CFE3612A1B28B925003323A7 /* AVKit.framework */,
				CFE361201B253B58003323A7 /* iAd.framework */,
				CFE361071B237B74003323A7 /* AddressBook.framework */,
				CFE361051B237B65003323A7 /* AddressBookUI.framework */,
				CF2C231A1AF5D1E900D28EAB /* CoreData.framework */,
				CF2C22CF1AF5B40A00D28EAB /* Info.plist */,
				CF2C22D01AF5B40A00D28EAB /* main.m */,
			);
			name = "Supporting Files";
			sourceTree = "<group>";
		};
		CF2C22E71AF5B40A00D28EAB /* MilestonsTests */ = {
			isa = PBXGroup;
			children = (
				CF2C22EA1AF5B40A00D28EAB /* MilestonsTests.m */,
				CF2C22E81AF5B40A00D28EAB /* Supporting Files */,
			);
			path = MilestonsTests;
			sourceTree = "<group>";
		};
		CF2C22E81AF5B40A00D28EAB /* Supporting Files */ = {
			isa = PBXGroup;
			children = (
				CF2C22E91AF5B40A00D28EAB /* Info.plist */,
			);
			name = "Supporting Files";
			sourceTree = "<group>";
		};
		CF2C230C1AF5B50100D28EAB /* Scrapbooks */ = {
			isa = PBXGroup;
			children = (
				CFE360441B1E2EA7003323A7 /* ListView */,
				CFE360451B1E2EB3003323A7 /* DetailView */,
			);
			name = Scrapbooks;
			sourceTree = "<group>";
		};
		CF2C230D1AF5B50D00D28EAB /* Entries */ = {
			isa = PBXGroup;
			children = (
				CFE360421B1E2E4D003323A7 /* ListView */,
				CFE360431B1E2E73003323A7 /* DetailView */,
			);
			name = Entries;
			sourceTree = "<group>";
		};
		CF2C236A1AF7EE6C00D28EAB /* Model */ = {
			isa = PBXGroup;
			children = (
				CF2C23411AF6CDCE00D28EAB /* Photo.h */,
				CF2C23421AF6CDCE00D28EAB /* Photo.m */,
				CF2C233E1AF6CDCE00D28EAB /* Entry.h */,
				CF2C233F1AF6CDCE00D28EAB /* Entry.m */,
				CF2C233B1AF6CDCE00D28EAB /* Scrapbook.h */,
				CF2C233C1AF6CDCE00D28EAB /* Scrapbook.m */,
				CF2C232D1AF5EE2B00D28EAB /* PhotoController.h */,
				CF2C232E1AF5EE2B00D28EAB /* PhotoController.m */,
				CF2C22FD1AF5B48400D28EAB /* EntryController.h */,
				CF2C22FE1AF5B48400D28EAB /* EntryController.m */,
				CF2C23001AF5B49300D28EAB /* ScrapbookController.h */,
				CF2C23011AF5B49300D28EAB /* ScrapbookController.m */,
				CFE361021B23739D003323A7 /* UserController.h */,
				CFE361031B23739D003323A7 /* UserController.m */,
			);
			name = Model;
			path = ..;
			sourceTree = "<group>";
		};
		CFE04C0E1B1A3999001F1DA6 /* InAppPurchases */ = {
			isa = PBXGroup;
			children = (
				CFE04C111B1A3A75001F1DA6 /* StoreViewController.h */,
				CFE04C121B1A3A75001F1DA6 /* StoreViewController.m */,
				CFE04C131B1A3A75001F1DA6 /* StoreViewDatasource.h */,
				CFE04C141B1A3A75001F1DA6 /* StoreViewDatasource.m */,
				CFE04C0B1B1A3986001F1DA6 /* StorePurchaseController.h */,
				CFE04C0C1B1A3986001F1DA6 /* StorePurchaseController.m */,
				CFE04C0F1B1A3A75001F1DA6 /* PurchasedDataController.h */,
				CFE04C101B1A3A75001F1DA6 /* PurchasedDataController.m */,
				CFE04C181B1A3A9E001F1DA6 /* Products.json */,
			);
			name = InAppPurchases;
			sourceTree = "<group>";
		};
		CFE04C341B1A5802001F1DA6 /* SettingsMenu */ = {
			isa = PBXGroup;
			children = (
				CFE04C361B1A6724001F1DA6 /* SWRevealViewController.h */,
				CFE04C371B1A6724001F1DA6 /* SWRevealViewController.m */,
				CFE04C391B1A67E7001F1DA6 /* SettingsMenuViewController.h */,
				CFE04C3A1B1A67E7001F1DA6 /* SettingsMenuViewController.m */,
			);
			name = SettingsMenu;
			sourceTree = "<group>";
		};
		CFE360421B1E2E4D003323A7 /* ListView */ = {
			isa = PBXGroup;
			children = (
				CF2C23091AF5B4D800D28EAB /* EntryListViewController.h */,
				CF2C230A1AF5B4D800D28EAB /* EntryListViewController.m */,
				CF2C24881B01009F00D28EAB /* CustomEntryCell.h */,
				CF2C24891B01009F00D28EAB /* CustomEntryCell.m */,
				CF2C23061AF5B4C300D28EAB /* EntryListViewDataSource.h */,
				CF2C23071AF5B4C300D28EAB /* EntryListViewDataSource.m */,
				CFE04C3C1B1AA757001F1DA6 /* CustomCollectionViewCell.h */,
				CFE04C3D1B1AA757001F1DA6 /* CustomCollectionViewCell.m */,
				CFE04C081B1A1C73001F1DA6 /* CollectionViewDataSource.h */,
				CFE04C091B1A1C73001F1DA6 /* CollectionViewDataSource.m */,
			);
			name = ListView;
			sourceTree = "<group>";
		};
		CFE360431B1E2E73003323A7 /* DetailView */ = {
			isa = PBXGroup;
			children = (
				CFE04C3F1B1AA92E001F1DA6 /* CustomCollectionViewCell2.h */,
				CFE04C401B1AA92E001F1DA6 /* CustomCollectionViewCell2.m */,
				CF2C23111AF5C03C00D28EAB /* AddEntryViewController.h */,
				CF2C23121AF5C03C00D28EAB /* AddEntryViewController.m */,
			);
			name = DetailView;
			sourceTree = "<group>";
		};
		CFE360441B1E2EA7003323A7 /* ListView */ = {
			isa = PBXGroup;
			children = (
				CF2C22F41AF5B45900D28EAB /* ScrapbookListViewController.h */,
				CF2C22F51AF5B45900D28EAB /* ScrapbookListViewController.m */,
				CF2C23031AF5B4B000D28EAB /* ScrapbookListViewDataSource.h */,
				CF2C23041AF5B4B000D28EAB /* ScrapbookListViewDataSource.m */,
				CF2C24851B01008A00D28EAB /* CustomScrapbookCell.h */,
				CF2C24861B01008A00D28EAB /* CustomScrapbookCell.m */,
			);
			name = ListView;
			sourceTree = "<group>";
		};
		CFE360451B1E2EB3003323A7 /* DetailView */ = {
			isa = PBXGroup;
			children = (
				CF2C230E1AF5C01D00D28EAB /* AddScrapbookViewController.h */,
				CF2C230F1AF5C01D00D28EAB /* AddScrapbookViewController.m */,
			);
			name = DetailView;
			sourceTree = "<group>";
		};
		CFE360AB1B2272FD003323A7 /* EXPhotoViewer */ = {
			isa = PBXGroup;
			children = (
				CFE360AC1B2272FD003323A7 /* EXPhotoViewer.h */,
				CFE360AD1B2272FD003323A7 /* EXPhotoViewer.m */,
			);
			path = EXPhotoViewer;
			sourceTree = "<group>";
		};
		CFE3611D1B24840A003323A7 /* Audio */ = {
			isa = PBXGroup;
			children = (
				CFE3612E1B28C31F003323A7 /* success.mp3 */,
				CFE3612C1B28C30F003323A7 /* New Notification 02.wav */,
				CFE361301B28C335003323A7 /* Fast Swoosh.mp3 */,
			);
			name = Audio;
			sourceTree = "<group>";
		};
		CFE361381B293DDC003323A7 /* MilestonesKit */ = {
			isa = PBXGroup;
			children = (
				CFE361661B29F289003323A7 /* Frameworks */,
				CF2C236A1AF7EE6C00D28EAB /* Model */,
				CFE3613B1B293DDC003323A7 /* MilestonesKit.h */,
				CFE361391B293DDC003323A7 /* Supporting Files */,
			);
			path = MilestonesKit;
			sourceTree = "<group>";
		};
		CFE361391B293DDC003323A7 /* Supporting Files */ = {
			isa = PBXGroup;
			children = (
				CFE3613A1B293DDC003323A7 /* Info.plist */,
			);
			name = "Supporting Files";
			sourceTree = "<group>";
		};
		CFE361471B293DDC003323A7 /* MilestonesKitTests */ = {
			isa = PBXGroup;
			children = (
				CFE3614A1B293DDC003323A7 /* MilestonesKitTests.m */,
				CFE361481B293DDC003323A7 /* Supporting Files */,
			);
			path = MilestonesKitTests;
			sourceTree = "<group>";
		};
		CFE361481B293DDC003323A7 /* Supporting Files */ = {
			isa = PBXGroup;
			children = (
				CFE361491B293DDC003323A7 /* Info.plist */,
			);
			name = "Supporting Files";
			sourceTree = "<group>";
		};
		CFE361661B29F289003323A7 /* Frameworks */ = {
			isa = PBXGroup;
			children = (
				CF2C23441AF7E13800D28EAB /* Bolts.framework */,
				CF2C23681AF7E1D400D28EAB /* Social.framework */,
				CF2C23661AF7E1CA00D28EAB /* Accounts.framework */,
				CF2C23641AF7E1BF00D28EAB /* libsqlite3.dylib */,
				CF2C23621AF7E1B600D28EAB /* libz.dylib */,
				CF2C23601AF7E1A900D28EAB /* SystemConfiguration.framework */,
				CF2C235E1AF7E19B00D28EAB /* StoreKit.framework */,
				CF2C235C1AF7E19300D28EAB /* Security.framework */,
				CF2C235A1AF7E18A00D28EAB /* QuartzCore.framework */,
				CF2C23581AF7E18200D28EAB /* MobileCoreServices.framework */,
				CF2C23561AF7E17800D28EAB /* CoreLocation.framework */,
				CF2C23541AF7E16F00D28EAB /* CoreGraphics.framework */,
				CF2C23521AF7E16700D28EAB /* CFNetwork.framework */,
				CF2C23501AF7E15C00D28EAB /* AudioToolbox.framework */,
				CF2C23451AF7E13800D28EAB /* Parse.framework */,
				CF2C23461AF7E13800D28EAB /* ParseCrashReporting.framework */,
				CF2C23471AF7E13800D28EAB /* ParseFacebookUtils.framework */,
				CF2C23481AF7E13800D28EAB /* ParseFacebookUtilsV4.framework */,
				CF2C23491AF7E13800D28EAB /* ParseUI.framework */,
			);
			name = Frameworks;
			sourceTree = "<group>";
		};
/* End PBXGroup section */

/* Begin PBXHeadersBuildPhase section */
		CFE361341B293DDB003323A7 /* Headers */ = {
			isa = PBXHeadersBuildPhase;
			buildActionMask = 2147483647;
			files = (
				CFE3615A1B2940D9003323A7 /* Entry.h in Headers */,
				CFE361641B294434003323A7 /* UserController.h in Headers */,
				CFE3615C1B2940E6003323A7 /* Scrapbook.h in Headers */,
				CFE361621B294417003323A7 /* ScrapbookController.h in Headers */,
				CFE3613C1B293DDC003323A7 /* MilestonesKit.h in Headers */,
				CFE361581B2940B5003323A7 /* Photo.h in Headers */,
				CFE3615E1B294408003323A7 /* PhotoController.h in Headers */,
				CFE361601B294410003323A7 /* EntryController.h in Headers */,
			);
			runOnlyForDeploymentPostprocessing = 0;
		};
/* End PBXHeadersBuildPhase section */

/* Begin PBXNativeTarget section */
		CF2C22CA1AF5B40A00D28EAB /* Milestons */ = {
			isa = PBXNativeTarget;
			buildConfigurationList = CF2C22EE1AF5B40A00D28EAB /* Build configuration list for PBXNativeTarget "Milestons" */;
			buildPhases = (
				CF2C22C71AF5B40A00D28EAB /* Sources */,
				CF2C22C81AF5B40A00D28EAB /* Frameworks */,
				CF2C22C91AF5B40A00D28EAB /* Resources */,
				CFE3614F1B293DDC003323A7 /* Embed Frameworks */,
			);
			buildRules = (
			);
			dependencies = (
				CFE3614D1B293DDC003323A7 /* PBXTargetDependency */,
			);
			name = Milestons;
			productName = Milestons;
			productReference = CF2C22CB1AF5B40A00D28EAB /* Milestons.app */;
			productType = "com.apple.product-type.application";
		};
		CF2C22E31AF5B40A00D28EAB /* MilestonsTests */ = {
			isa = PBXNativeTarget;
			buildConfigurationList = CF2C22F11AF5B40A00D28EAB /* Build configuration list for PBXNativeTarget "MilestonsTests" */;
			buildPhases = (
				CF2C22E01AF5B40A00D28EAB /* Sources */,
				CF2C22E11AF5B40A00D28EAB /* Frameworks */,
				CF2C22E21AF5B40A00D28EAB /* Resources */,
			);
			buildRules = (
			);
			dependencies = (
				CF2C22E61AF5B40A00D28EAB /* PBXTargetDependency */,
			);
			name = MilestonsTests;
			productName = MilestonsTests;
			productReference = CF2C22E41AF5B40A00D28EAB /* MilestonsTests.xctest */;
			productType = "com.apple.product-type.bundle.unit-test";
		};
		CFE361361B293DDB003323A7 /* MilestonesKit */ = {
			isa = PBXNativeTarget;
			buildConfigurationList = CFE361551B293DDC003323A7 /* Build configuration list for PBXNativeTarget "MilestonesKit" */;
			buildPhases = (
				CFE361321B293DDB003323A7 /* Sources */,
				CFE361331B293DDB003323A7 /* Frameworks */,
				CFE361341B293DDB003323A7 /* Headers */,
				CFE361351B293DDB003323A7 /* Resources */,
			);
			buildRules = (
			);
			dependencies = (
			);
			name = MilestonesKit;
			productName = MilestonesKit;
			productReference = CFE361371B293DDB003323A7 /* MilestonesKit.framework */;
			productType = "com.apple.product-type.framework";
		};
		CFE361401B293DDC003323A7 /* MilestonesKitTests */ = {
			isa = PBXNativeTarget;
			buildConfigurationList = CFE361561B293DDC003323A7 /* Build configuration list for PBXNativeTarget "MilestonesKitTests" */;
			buildPhases = (
				CFE3613D1B293DDC003323A7 /* Sources */,
				CFE3613E1B293DDC003323A7 /* Frameworks */,
				CFE3613F1B293DDC003323A7 /* Resources */,
			);
			buildRules = (
			);
			dependencies = (
				CFE361441B293DDC003323A7 /* PBXTargetDependency */,
				CFE361461B293DDC003323A7 /* PBXTargetDependency */,
			);
			name = MilestonesKitTests;
			productName = MilestonesKitTests;
			productReference = CFE361411B293DDC003323A7 /* MilestonesKitTests.xctest */;
			productType = "com.apple.product-type.bundle.unit-test";
		};
/* End PBXNativeTarget section */

/* Begin PBXProject section */
		CF2C22C31AF5B40A00D28EAB /* Project object */ = {
			isa = PBXProject;
			attributes = {
				LastUpgradeCheck = 0630;
				ORGANIZATIONNAME = Dalton;
				TargetAttributes = {
					CF2C22CA1AF5B40A00D28EAB = {
						CreatedOnToolsVersion = 6.3;
						DevelopmentTeam = ZW8XHLXS82;
						SystemCapabilities = {
							com.apple.ApplicationGroups.iOS = {
								enabled = 1;
							};
						};
					};
					CF2C22E31AF5B40A00D28EAB = {
						CreatedOnToolsVersion = 6.3;
						TestTargetID = CF2C22CA1AF5B40A00D28EAB;
					};
					CFE361361B293DDB003323A7 = {
						CreatedOnToolsVersion = 6.3;
						DevelopmentTeam = ZW8XHLXS82;
					};
					CFE361401B293DDC003323A7 = {
						CreatedOnToolsVersion = 6.3;
						TestTargetID = CF2C22CA1AF5B40A00D28EAB;
					};
				};
			};
			buildConfigurationList = CF2C22C61AF5B40A00D28EAB /* Build configuration list for PBXProject "Milestons" */;
			compatibilityVersion = "Xcode 3.2";
			developmentRegion = English;
			hasScannedForEncodings = 0;
			knownRegions = (
				en,
				Base,
				ja,
				"zh-Hans",
			);
			mainGroup = CF2C22C21AF5B40A00D28EAB;
			productRefGroup = CF2C22CC1AF5B40A00D28EAB /* Products */;
			projectDirPath = "";
			projectRoot = "";
			targets = (
				CF2C22CA1AF5B40A00D28EAB /* Milestons */,
				CF2C22E31AF5B40A00D28EAB /* MilestonsTests */,
				CFE361361B293DDB003323A7 /* MilestonesKit */,
				CFE361401B293DDC003323A7 /* MilestonesKitTests */,
			);
		};
/* End PBXProject section */

/* Begin PBXResourcesBuildPhase section */
		CF2C22C91AF5B40A00D28EAB /* Resources */ = {
			isa = PBXResourcesBuildPhase;
			buildActionMask = 2147483647;
			files = (
				CF2C22DF1AF5B40A00D28EAB /* LaunchScreen.xib in Resources */,
				CFE3612F1B28C31F003323A7 /* success.mp3 in Resources */,
				CFE04C191B1A3A9E001F1DA6 /* Products.json in Resources */,
				CFEC12DC1B04379500AB6C1B /* Main.storyboard in Resources */,
				CF2C22DC1AF5B40A00D28EAB /* Images.xcassets in Resources */,
				CFE3612D1B28C30F003323A7 /* New Notification 02.wav in Resources */,
				CFE361311B28C335003323A7 /* Fast Swoosh.mp3 in Resources */,
			);
			runOnlyForDeploymentPostprocessing = 0;
		};
		CF2C22E21AF5B40A00D28EAB /* Resources */ = {
			isa = PBXResourcesBuildPhase;
			buildActionMask = 2147483647;
			files = (
			);
			runOnlyForDeploymentPostprocessing = 0;
		};
		CFE361351B293DDB003323A7 /* Resources */ = {
			isa = PBXResourcesBuildPhase;
			buildActionMask = 2147483647;
			files = (
			);
			runOnlyForDeploymentPostprocessing = 0;
		};
		CFE3613F1B293DDC003323A7 /* Resources */ = {
			isa = PBXResourcesBuildPhase;
			buildActionMask = 2147483647;
			files = (
			);
			runOnlyForDeploymentPostprocessing = 0;
		};
/* End PBXResourcesBuildPhase section */

/* Begin PBXSourcesBuildPhase section */
		CF2C22C71AF5B40A00D28EAB /* Sources */ = {
			isa = PBXSourcesBuildPhase;
			buildActionMask = 2147483647;
			files = (
				CFE04C3E1B1AA757001F1DA6 /* CustomCollectionViewCell.m in Sources */,
				CFE361161B23EDDD003323A7 /* CustomSegue.m in Sources */,
				CF2C22D71AF5B40A00D28EAB /* ViewController.m in Sources */,
				CFE360AE1B2272FD003323A7 /* EXPhotoViewer.m in Sources */,
				CF2C248A1B01009F00D28EAB /* CustomEntryCell.m in Sources */,
				CF2C22D41AF5B40A00D28EAB /* AppDelegate.m in Sources */,
				CFE04C381B1A6724001F1DA6 /* SWRevealViewController.m in Sources */,
				CFE3610B1B23D24E003323A7 /* AnimationController.m in Sources */,
				CF2C23081AF5B4C300D28EAB /* EntryListViewDataSource.m in Sources */,
				CF2C22D11AF5B40A00D28EAB /* main.m in Sources */,
				CF2C23051AF5B4B000D28EAB /* ScrapbookListViewDataSource.m in Sources */,
				CFEC12E91B0C117800AB6C1B /* MyLoginViewController.m in Sources */,
				CFE04C071B1A0DEA001F1DA6 /* SettingsController.m in Sources */,
				CFE04C411B1AA92E001F1DA6 /* CustomCollectionViewCell2.m in Sources */,
				CF2C230B1AF5B4D800D28EAB /* EntryListViewController.m in Sources */,
				CFEC12EC1B0C119100AB6C1B /* MySignUpViewController.m in Sources */,
				CFE04C0D1B1A3986001F1DA6 /* StorePurchaseController.m in Sources */,
				CFE04C161B1A3A75001F1DA6 /* StoreViewController.m in Sources */,
				CFE04C151B1A3A75001F1DA6 /* PurchasedDataController.m in Sources */,
				CFE04C3B1B1A67E7001F1DA6 /* SettingsMenuViewController.m in Sources */,
				CF2C22F61AF5B45900D28EAB /* ScrapbookListViewController.m in Sources */,
				CF2C23131AF5C03C00D28EAB /* AddEntryViewController.m in Sources */,
				CF2C24871B01008A00D28EAB /* CustomScrapbookCell.m in Sources */,
				CFE04C0A1B1A1C73001F1DA6 /* CollectionViewDataSource.m in Sources */,
				CF2C23101AF5C01D00D28EAB /* AddScrapbookViewController.m in Sources */,
				CF2C23161AF5C26200D28EAB /* Appearance.m in Sources */,
				CFE04C171B1A3A75001F1DA6 /* StoreViewDatasource.m in Sources */,
			);
			runOnlyForDeploymentPostprocessing = 0;
		};
		CF2C22E01AF5B40A00D28EAB /* Sources */ = {
			isa = PBXSourcesBuildPhase;
			buildActionMask = 2147483647;
			files = (
				CF2C22EB1AF5B40A00D28EAB /* MilestonsTests.m in Sources */,
			);
			runOnlyForDeploymentPostprocessing = 0;
		};
		CFE361321B293DDB003323A7 /* Sources */ = {
			isa = PBXSourcesBuildPhase;
			buildActionMask = 2147483647;
			files = (
				CFE361611B294413003323A7 /* EntryController.m in Sources */,
				CFE361651B294439003323A7 /* UserController.m in Sources */,
				CFE3615B1B2940E1003323A7 /* Entry.m in Sources */,
				CFE361631B294430003323A7 /* ScrapbookController.m in Sources */,
				CFE3615D1B2940EC003323A7 /* Scrapbook.m in Sources */,
				CFE3615F1B29440C003323A7 /* PhotoController.m in Sources */,
				CFE361591B2940BE003323A7 /* Photo.m in Sources */,
			);
			runOnlyForDeploymentPostprocessing = 0;
		};
		CFE3613D1B293DDC003323A7 /* Sources */ = {
			isa = PBXSourcesBuildPhase;
			buildActionMask = 2147483647;
			files = (
				CFE3614B1B293DDC003323A7 /* MilestonesKitTests.m in Sources */,
			);
			runOnlyForDeploymentPostprocessing = 0;
		};
/* End PBXSourcesBuildPhase section */

/* Begin PBXTargetDependency section */
		CF2C22E61AF5B40A00D28EAB /* PBXTargetDependency */ = {
			isa = PBXTargetDependency;
			target = CF2C22CA1AF5B40A00D28EAB /* Milestons */;
			targetProxy = CF2C22E51AF5B40A00D28EAB /* PBXContainerItemProxy */;
		};
		CFE361441B293DDC003323A7 /* PBXTargetDependency */ = {
			isa = PBXTargetDependency;
			target = CFE361361B293DDB003323A7 /* MilestonesKit */;
			targetProxy = CFE361431B293DDC003323A7 /* PBXContainerItemProxy */;
		};
		CFE361461B293DDC003323A7 /* PBXTargetDependency */ = {
			isa = PBXTargetDependency;
			target = CF2C22CA1AF5B40A00D28EAB /* Milestons */;
			targetProxy = CFE361451B293DDC003323A7 /* PBXContainerItemProxy */;
		};
		CFE3614D1B293DDC003323A7 /* PBXTargetDependency */ = {
			isa = PBXTargetDependency;
			target = CFE361361B293DDB003323A7 /* MilestonesKit */;
			targetProxy = CFE3614C1B293DDC003323A7 /* PBXContainerItemProxy */;
		};
/* End PBXTargetDependency section */

/* Begin PBXVariantGroup section */
		CF2C22DD1AF5B40A00D28EAB /* LaunchScreen.xib */ = {
			isa = PBXVariantGroup;
			children = (
				CF2C22DE1AF5B40A00D28EAB /* Base */,
			);
			name = LaunchScreen.xib;
			sourceTree = "<group>";
		};
/* End PBXVariantGroup section */

/* Begin XCBuildConfiguration section */
		CF2C22EC1AF5B40A00D28EAB /* Debug */ = {
			isa = XCBuildConfiguration;
			buildSettings = {
				ALWAYS_SEARCH_USER_PATHS = NO;
				CLANG_CXX_LANGUAGE_STANDARD = "gnu++0x";
				CLANG_CXX_LIBRARY = "libc++";
				CLANG_ENABLE_MODULES = YES;
				CLANG_ENABLE_OBJC_ARC = YES;
				CLANG_WARN_BOOL_CONVERSION = YES;
				CLANG_WARN_CONSTANT_CONVERSION = YES;
				CLANG_WARN_DIRECT_OBJC_ISA_USAGE = YES_ERROR;
				CLANG_WARN_EMPTY_BODY = YES;
				CLANG_WARN_ENUM_CONVERSION = YES;
				CLANG_WARN_INT_CONVERSION = YES;
				CLANG_WARN_OBJC_ROOT_CLASS = YES_ERROR;
				CLANG_WARN_UNREACHABLE_CODE = YES;
				CLANG_WARN__DUPLICATE_METHOD_MATCH = YES;
				"CODE_SIGN_IDENTITY[sdk=iphoneos*]" = "iPhone Developer";
				COPY_PHASE_STRIP = NO;
				DEBUG_INFORMATION_FORMAT = "dwarf-with-dsym";
				ENABLE_STRICT_OBJC_MSGSEND = YES;
				GCC_C_LANGUAGE_STANDARD = gnu99;
				GCC_DYNAMIC_NO_PIC = NO;
				GCC_NO_COMMON_BLOCKS = YES;
				GCC_OPTIMIZATION_LEVEL = 0;
				GCC_PREPROCESSOR_DEFINITIONS = (
					"DEBUG=1",
					"$(inherited)",
				);
				GCC_SYMBOLS_PRIVATE_EXTERN = NO;
				GCC_WARN_64_TO_32_BIT_CONVERSION = YES;
				GCC_WARN_ABOUT_RETURN_TYPE = YES_ERROR;
				GCC_WARN_UNDECLARED_SELECTOR = YES;
				GCC_WARN_UNINITIALIZED_AUTOS = YES_AGGRESSIVE;
				GCC_WARN_UNUSED_FUNCTION = YES;
				GCC_WARN_UNUSED_VARIABLE = YES;
				IPHONEOS_DEPLOYMENT_TARGET = 8.3;
				MTL_ENABLE_DEBUG_INFO = YES;
				ONLY_ACTIVE_ARCH = YES;
				SDKROOT = iphoneos;
			};
			name = Debug;
		};
		CF2C22ED1AF5B40A00D28EAB /* Release */ = {
			isa = XCBuildConfiguration;
			buildSettings = {
				ALWAYS_SEARCH_USER_PATHS = NO;
				CLANG_CXX_LANGUAGE_STANDARD = "gnu++0x";
				CLANG_CXX_LIBRARY = "libc++";
				CLANG_ENABLE_MODULES = YES;
				CLANG_ENABLE_OBJC_ARC = YES;
				CLANG_WARN_BOOL_CONVERSION = YES;
				CLANG_WARN_CONSTANT_CONVERSION = YES;
				CLANG_WARN_DIRECT_OBJC_ISA_USAGE = YES_ERROR;
				CLANG_WARN_EMPTY_BODY = YES;
				CLANG_WARN_ENUM_CONVERSION = YES;
				CLANG_WARN_INT_CONVERSION = YES;
				CLANG_WARN_OBJC_ROOT_CLASS = YES_ERROR;
				CLANG_WARN_UNREACHABLE_CODE = YES;
				CLANG_WARN__DUPLICATE_METHOD_MATCH = YES;
				"CODE_SIGN_IDENTITY[sdk=iphoneos*]" = "iPhone Developer";
				COPY_PHASE_STRIP = NO;
				DEBUG_INFORMATION_FORMAT = "dwarf-with-dsym";
				ENABLE_NS_ASSERTIONS = NO;
				ENABLE_STRICT_OBJC_MSGSEND = YES;
				GCC_C_LANGUAGE_STANDARD = gnu99;
				GCC_NO_COMMON_BLOCKS = YES;
				GCC_WARN_64_TO_32_BIT_CONVERSION = YES;
				GCC_WARN_ABOUT_RETURN_TYPE = YES_ERROR;
				GCC_WARN_UNDECLARED_SELECTOR = YES;
				GCC_WARN_UNINITIALIZED_AUTOS = YES_AGGRESSIVE;
				GCC_WARN_UNUSED_FUNCTION = YES;
				GCC_WARN_UNUSED_VARIABLE = YES;
				IPHONEOS_DEPLOYMENT_TARGET = 8.3;
				MTL_ENABLE_DEBUG_INFO = NO;
				SDKROOT = iphoneos;
				VALIDATE_PRODUCT = YES;
			};
			name = Release;
		};
		CF2C22EF1AF5B40A00D28EAB /* Debug */ = {
			isa = XCBuildConfiguration;
			buildSettings = {
				ASSETCATALOG_COMPILER_APPICON_NAME = AppIcon;
				CODE_SIGN_ENTITLEMENTS = Milestons/Milestons.entitlements;
				CODE_SIGN_IDENTITY = "iPhone Developer";
				"CODE_SIGN_IDENTITY[sdk=iphoneos*]" = "iPhone Developer";
				FRAMEWORK_SEARCH_PATHS = (
					"$(inherited)",
					"$(PROJECT_DIR)/Milestons",
				);
				INFOPLIST_FILE = Milestons/Info.plist;
				LD_RUNPATH_SEARCH_PATHS = "$(inherited) @executable_path/Frameworks";
				PRODUCT_NAME = "$(TARGET_NAME)";
				PROVISIONING_PROFILE = "";
				TARGETED_DEVICE_FAMILY = "1,2";
			};
			name = Debug;
		};
		CF2C22F01AF5B40A00D28EAB /* Release */ = {
			isa = XCBuildConfiguration;
			buildSettings = {
				ASSETCATALOG_COMPILER_APPICON_NAME = AppIcon;
				CODE_SIGN_ENTITLEMENTS = Milestons/Milestons.entitlements;
				CODE_SIGN_IDENTITY = "iPhone Developer";
				"CODE_SIGN_IDENTITY[sdk=iphoneos*]" = "iPhone Developer";
				FRAMEWORK_SEARCH_PATHS = (
					"$(inherited)",
					"$(PROJECT_DIR)/Milestons",
				);
				INFOPLIST_FILE = Milestons/Info.plist;
				LD_RUNPATH_SEARCH_PATHS = "$(inherited) @executable_path/Frameworks";
				PRODUCT_NAME = "$(TARGET_NAME)";
				PROVISIONING_PROFILE = "";
				TARGETED_DEVICE_FAMILY = "1,2";
			};
			name = Release;
		};
		CF2C22F21AF5B40A00D28EAB /* Debug */ = {
			isa = XCBuildConfiguration;
			buildSettings = {
				BUNDLE_LOADER = "$(TEST_HOST)";
				FRAMEWORK_SEARCH_PATHS = (
					"$(SDKROOT)/Developer/Library/Frameworks",
					"$(inherited)",
				);
				GCC_PREPROCESSOR_DEFINITIONS = (
					"DEBUG=1",
					"$(inherited)",
				);
				INFOPLIST_FILE = MilestonsTests/Info.plist;
				LD_RUNPATH_SEARCH_PATHS = "$(inherited) @executable_path/Frameworks @loader_path/Frameworks";
				PRODUCT_NAME = "$(TARGET_NAME)";
				TEST_HOST = "$(BUILT_PRODUCTS_DIR)/Milestons.app/Milestons";
			};
			name = Debug;
		};
		CF2C22F31AF5B40A00D28EAB /* Release */ = {
			isa = XCBuildConfiguration;
			buildSettings = {
				BUNDLE_LOADER = "$(TEST_HOST)";
				FRAMEWORK_SEARCH_PATHS = (
					"$(SDKROOT)/Developer/Library/Frameworks",
					"$(inherited)",
				);
				INFOPLIST_FILE = MilestonsTests/Info.plist;
				LD_RUNPATH_SEARCH_PATHS = "$(inherited) @executable_path/Frameworks @loader_path/Frameworks";
				PRODUCT_NAME = "$(TARGET_NAME)";
				TEST_HOST = "$(BUILT_PRODUCTS_DIR)/Milestons.app/Milestons";
			};
			name = Release;
		};
		CFE361511B293DDC003323A7 /* Debug */ = {
			isa = XCBuildConfiguration;
			buildSettings = {
				APPLICATION_EXTENSION_API_ONLY = YES;
				CODE_SIGN_IDENTITY = "iPhone Developer";
				"CODE_SIGN_IDENTITY[sdk=iphoneos*]" = "iPhone Developer";
				CURRENT_PROJECT_VERSION = 1;
				DEFINES_MODULE = YES;
				DYLIB_COMPATIBILITY_VERSION = 1;
				DYLIB_CURRENT_VERSION = 1;
				DYLIB_INSTALL_NAME_BASE = "@rpath";
				FRAMEWORK_SEARCH_PATHS = (
					"$(inherited)",
					"$(PROJECT_DIR)/Milestons",
				);
				GCC_PREPROCESSOR_DEFINITIONS = (
					"DEBUG=1",
					"$(inherited)",
				);
				INFOPLIST_FILE = MilestonesKit/Info.plist;
				INSTALL_PATH = "$(LOCAL_LIBRARY_DIR)/Frameworks";
				LD_RUNPATH_SEARCH_PATHS = "$(inherited) @executable_path/Frameworks @loader_path/Frameworks";
				PRODUCT_NAME = "$(TARGET_NAME)";
				SKIP_INSTALL = YES;
				TARGETED_DEVICE_FAMILY = "1,2";
				VERSIONING_SYSTEM = "apple-generic";
				VERSION_INFO_PREFIX = "";
			};
			name = Debug;
		};
		CFE361521B293DDC003323A7 /* Release */ = {
			isa = XCBuildConfiguration;
			buildSettings = {
				APPLICATION_EXTENSION_API_ONLY = YES;
				CODE_SIGN_IDENTITY = "iPhone Developer";
				"CODE_SIGN_IDENTITY[sdk=iphoneos*]" = "iPhone Developer";
				CURRENT_PROJECT_VERSION = 1;
				DEFINES_MODULE = YES;
				DYLIB_COMPATIBILITY_VERSION = 1;
				DYLIB_CURRENT_VERSION = 1;
				DYLIB_INSTALL_NAME_BASE = "@rpath";
				FRAMEWORK_SEARCH_PATHS = (
					"$(inherited)",
					"$(PROJECT_DIR)/Milestons",
				);
				INFOPLIST_FILE = MilestonesKit/Info.plist;
				INSTALL_PATH = "$(LOCAL_LIBRARY_DIR)/Frameworks";
				LD_RUNPATH_SEARCH_PATHS = "$(inherited) @executable_path/Frameworks @loader_path/Frameworks";
				PRODUCT_NAME = "$(TARGET_NAME)";
				SKIP_INSTALL = YES;
				TARGETED_DEVICE_FAMILY = "1,2";
				VERSIONING_SYSTEM = "apple-generic";
				VERSION_INFO_PREFIX = "";
			};
			name = Release;
		};
		CFE361531B293DDC003323A7 /* Debug */ = {
			isa = XCBuildConfiguration;
			buildSettings = {
				FRAMEWORK_SEARCH_PATHS = (
					"$(SDKROOT)/Developer/Library/Frameworks",
					"$(inherited)",
				);
				GCC_PREPROCESSOR_DEFINITIONS = (
					"DEBUG=1",
					"$(inherited)",
				);
				INFOPLIST_FILE = MilestonesKitTests/Info.plist;
				LD_RUNPATH_SEARCH_PATHS = "$(inherited) @executable_path/Frameworks @loader_path/Frameworks";
				PRODUCT_NAME = "$(TARGET_NAME)";
				TEST_HOST = "$(BUILT_PRODUCTS_DIR)/Milestons.app/Milestons";
			};
			name = Debug;
		};
		CFE361541B293DDC003323A7 /* Release */ = {
			isa = XCBuildConfiguration;
			buildSettings = {
				FRAMEWORK_SEARCH_PATHS = (
					"$(SDKROOT)/Developer/Library/Frameworks",
					"$(inherited)",
				);
				INFOPLIST_FILE = MilestonesKitTests/Info.plist;
				LD_RUNPATH_SEARCH_PATHS = "$(inherited) @executable_path/Frameworks @loader_path/Frameworks";
				PRODUCT_NAME = "$(TARGET_NAME)";
				TEST_HOST = "$(BUILT_PRODUCTS_DIR)/Milestons.app/Milestons";
			};
			name = Release;
		};
/* End XCBuildConfiguration section */

/* Begin XCConfigurationList section */
		CF2C22C61AF5B40A00D28EAB /* Build configuration list for PBXProject "Milestons" */ = {
			isa = XCConfigurationList;
			buildConfigurations = (
				CF2C22EC1AF5B40A00D28EAB /* Debug */,
				CF2C22ED1AF5B40A00D28EAB /* Release */,
			);
			defaultConfigurationIsVisible = 0;
			defaultConfigurationName = Release;
		};
		CF2C22EE1AF5B40A00D28EAB /* Build configuration list for PBXNativeTarget "Milestons" */ = {
			isa = XCConfigurationList;
			buildConfigurations = (
				CF2C22EF1AF5B40A00D28EAB /* Debug */,
				CF2C22F01AF5B40A00D28EAB /* Release */,
			);
			defaultConfigurationIsVisible = 0;
			defaultConfigurationName = Release;
		};
		CF2C22F11AF5B40A00D28EAB /* Build configuration list for PBXNativeTarget "MilestonsTests" */ = {
			isa = XCConfigurationList;
			buildConfigurations = (
				CF2C22F21AF5B40A00D28EAB /* Debug */,
				CF2C22F31AF5B40A00D28EAB /* Release */,
			);
			defaultConfigurationIsVisible = 0;
			defaultConfigurationName = Release;
		};
		CFE361551B293DDC003323A7 /* Build configuration list for PBXNativeTarget "MilestonesKit" */ = {
			isa = XCConfigurationList;
			buildConfigurations = (
				CFE361511B293DDC003323A7 /* Debug */,
				CFE361521B293DDC003323A7 /* Release */,
			);
			defaultConfigurationIsVisible = 0;
		};
		CFE361561B293DDC003323A7 /* Build configuration list for PBXNativeTarget "MilestonesKitTests" */ = {
			isa = XCConfigurationList;
			buildConfigurations = (
				CFE361531B293DDC003323A7 /* Debug */,
				CFE361541B293DDC003323A7 /* Release */,
			);
			defaultConfigurationIsVisible = 0;
		};
/* End XCConfigurationList section */
	};
	rootObject = CF2C22C31AF5B40A00D28EAB /* Project object */;
}
